PODS:
  - Alamofire (5.0.0-rc.3)
  - BetterSegmentedControl (1.3.0)
  - Jelly (2.2.2)
  - Kingfisher (5.9.0):
    - Kingfisher/Core (= 5.9.0)
  - Kingfisher/Core (5.9.0)
  - Moya (14.0.0-beta.5):
    - Moya/Core (= 14.0.0-beta.5)
  - Moya/Core (14.0.0-beta.5):
    - Alamofire (= 5.0.0-rc.3)
  - ObjectMapper (3.5.1)
  - SnapKit (5.0.1)
  - SwiftyJSON (5.0.0)
  - Then (2.6.0)
  - TYCyclePagerView (1.2.0)

DEPENDENCIES:
  - BetterSegmentedControl
  - Jelly
  - Kingfisher
  - Moya (~> 14.0.0-beta.5)
  - ObjectMapper
  - SnapKit
  - SwiftyJSON
  - Then
  - TYCyclePagerView

SPEC REPOS:
  https://github.com/CocoaPods/Specs.git:
    - Alamofire
    - BetterSegmentedControl
    - Jelly
    - Kingfisher
    - Moya
    - ObjectMapper
    - SnapKit
    - SwiftyJSON
    - Then
    - TYCyclePagerView

SPEC CHECKSUMS:
  Alamofire: ca8c0de6906873be89d6deec5c8de279e00bf872
  BetterSegmentedControl: 85d1b0343a09603b098884d527f550dfc8e6cdd9
  Jelly: 0576a8fd3b3bea78f6c2d952acdc30b0835dda71
  Kingfisher: ff98240aebb7302bdc4f1ecd701761030ce18b16
  Moya: 2c16c3fe92eda302070213452281b59198f946d8
  ObjectMapper: 70187b8941977c62ccfb423caf6b50be405cabf0
  SnapKit: 97b92857e3df3a0c71833cce143274bf6ef8e5eb
  SwiftyJSON: 36413e04c44ee145039d332b4f4e2d3e8d6c4db7
  Then: 90cd104fd951cec1980a03f57704ad8f784d4d79
  TYCyclePagerView: 2b051dade0615c70784aa34f40c646feeddb7344

PODFILE CHECKSUM: 3ea56f80b226ceb8f67990106b644d80d9076409

COCOAPODS: 1.8.4
