// !$*UTF8*$!
{
	archiveVersion = 1;
	classes = {
	};
	objectVersion = 50;
	objects = {

/* Begin PBXBuildFile section */
		CCF95B78235EFDCB00FACFAD /* AppDelegate.swift in Sources */ = {isa = PBXBuildFile; fileRef = CCF95B77235EFDCB00FACFAD /* AppDelegate.swift */; };
		CCF95B7A235EFDCB00FACFAD /* SceneDelegate.swift in Sources */ = {isa = PBXBuildFile; fileRef = CCF95B79235EFDCB00FACFAD /* SceneDelegate.swift */; };
		CCF95B7C235EFDCB00FACFAD /* ViewController.swift in Sources */ = {isa = PBXBuildFile; fileRef = CCF95B7B235EFDCB00FACFAD /* ViewController.swift */; };
		CCF95B7F235EFDCB00FACFAD /* Main.storyboard in Resources */ = {isa = PBXBuildFile; fileRef = CCF95B7D235EFDCB00FACFAD /* Main.storyboard */; };
		CCF95B81235EFDCE00FACFAD /* Assets.xcassets in Resources */ = {isa = PBXBuildFile; fileRef = CCF95B80235EFDCE00FACFAD /* Assets.xcassets */; };
		CCF95B84235EFDCE00FACFAD /* LaunchScreen.storyboard in Resources */ = {isa = PBXBuildFile; fileRef = CCF95B82235EFDCE00FACFAD /* LaunchScreen.storyboard */; };
/* End PBXBuildFile section */

/* Begin PBXFileReference section */
		CCF95B74235EFDCB00FACFAD /* ShareEducation.app */ = {isa = PBXFileReference; explicitFileType = wrapper.application; includeInIndex = 0; path = ShareEducation.app; sourceTree = BUILT_PRODUCTS_DIR; };
		CCF95B77235EFDCB00FACFAD /* AppDelegate.swift */ = {isa = PBXFileReference; lastKnownFileType = sourcecode.swift; path = AppDelegate.swift; sourceTree = "<group>"; };
		CCF95B79235EFDCB00FACFAD /* SceneDelegate.swift */ = {isa = PBXFileReference; lastKnownFileType = sourcecode.swift; path = SceneDelegate.swift; sourceTree = "<group>"; };
		CCF95B7B235EFDCB00FACFAD /* ViewController.swift */ = {isa = PBXFileReference; lastKnownFileType = sourcecode.swift; path = ViewController.swift; sourceTree = "<group>"; };
		CCF95B7E235EFDCB00FACFAD /* Base */ = {isa = PBXFileReference; lastKnownFileType = file.storyboard; name = Base; path = Base.lproj/Main.storyboard; sourceTree = "<group>"; };
		CCF95B80235EFDCE00FACFAD /* Assets.xcassets */ = {isa = PBXFileReference; lastKnownFileType = folder.assetcatalog; path = Assets.xcassets; sourceTree = "<group>"; };
		CCF95B83235EFDCE00FACFAD /* Base */ = {isa = PBXFileReference; lastKnownFileType = file.storyboard; name = Base; path = Base.lproj/LaunchScreen.storyboard; sourceTree = "<group>"; };
		CCF95B85235EFDCE00FACFAD /* Info.plist */ = {isa = PBXFileReference; lastKnownFileType = text.plist.xml; path = Info.plist; sourceTree = "<group>"; };
/* End PBXFileReference section */

/* Begin PBXFrameworksBuildPhase section */
		CCF95B71235EFDCB00FACFAD /* Frameworks */ = {
			isa = PBXFrameworksBuildPhase;
			buildActionMask = 2147483647;
			files = (
			);
			runOnlyForDeploymentPostprocessing = 0;
		};
/* End PBXFrameworksBuildPhase section */

/* Begin PBXGroup section */
		CCF95B6B235EFDCA00FACFAD = {
			isa = PBXGroup;
			children = (
				CCF95B76235EFDCB00FACFAD /* ShareEducation */,
				CCF95B75235EFDCB00FACFAD /* Products */,
			);
			sourceTree = "<group>";
		};
		CCF95B75235EFDCB00FACFAD /* Products */ = {
			isa = PBXGroup;
			children = (
				CCF95B74235EFDCB00FACFAD /* ShareEducation.app */,
			);
			name = Products;
			sourceTree = "<group>";
		};
		CCF95B76235EFDCB00FACFAD /* ShareEducation */ = {
			isa = PBXGroup;
			children = (
				CCF95B77235EFDCB00FACFAD /* AppDelegate.swift */,
				CCF95B79235EFDCB00FACFAD /* SceneDelegate.swift */,
				CCF95B7B235EFDCB00FACFAD /* ViewController.swift */,
				CCF95B7D235EFDCB00FACFAD /* Main.storyboard */,
				CCF95B80235EFDCE00FACFAD /* Assets.xcassets */,
				CCF95B82235EFDCE00FACFAD /* LaunchScreen.storyboard */,
				CCF95B85235EFDCE00FACFAD /* Info.plist */,
			);
			path = ShareEducation;
			sourceTree = "<group>";
		};
/* End PBXGroup section */

/* Begin PBXNativeTarget section */
		CCF95B73235EFDCB00FACFAD /* ShareEducation */ = {
			isa = PBXNativeTarget;
			buildConfigurationList = CCF95B88235EFDCE00FACFAD /* Build configuration list for PBXNativeTarget "ShareEducation" */;
			buildPhases = (
				CCF95B70235EFDCB00FACFAD /* Sources */,
				CCF95B71235EFDCB00FACFAD /* Frameworks */,
				CCF95B72235EFDCB00FACFAD /* Resources */,
			);
			buildRules = (
			);
			dependencies = (
			);
			name = ShareEducation;
			productName = ShareEducation;
			productReference = CCF95B74235EFDCB00FACFAD /* ShareEducation.app */;
			productType = "com.apple.product-type.application";
		};
/* End PBXNativeTarget section */

/* Begin PBXProject section */
		CCF95B6C235EFDCB00FACFAD /* Project object */ = {
			isa = PBXProject;
			attributes = {
				LastSwiftUpdateCheck = 1110;
				LastUpgradeCheck = 1110;
				ORGANIZATIONNAME = "严明俊";
				TargetAttributes = {
					CCF95B73235EFDCB00FACFAD = {
						CreatedOnToolsVersion = 11.1;
					};
				};
			};
			buildConfigurationList = CCF95B6F235EFDCB00FACFAD /* Build configuration list for PBXProject "ShareEducation" */;
			compatibilityVersion = "Xcode 9.3";
			developmentRegion = en;
			hasScannedForEncodings = 0;
			knownRegions = (
				en,
				Base,
			);
			mainGroup = CCF95B6B235EFDCA00FACFAD;
			productRefGroup = CCF95B75235EFDCB00FACFAD /* Products */;
			projectDirPath = "";
			projectRoot = "";
			targets = (
				CCF95B73235EFDCB00FACFAD /* ShareEducation */,
			);
		};
/* End PBXProject section */

/* Begin PBXResourcesBuildPhase section */
		CCF95B72235EFDCB00FACFAD /* Resources */ = {
			isa = PBXResourcesBuildPhase;
			buildActionMask = 2147483647;
			files = (
				CCF95B84235EFDCE00FACFAD /* LaunchScreen.storyboard in Resources */,
				CCF95B81235EFDCE00FACFAD /* Assets.xcassets in Resources */,
				CCF95B7F235EFDCB00FACFAD /* Main.storyboard in Resources */,
			);
			runOnlyForDeploymentPostprocessing = 0;
		};
/* End PBXResourcesBuildPhase section */

/* Begin PBXSourcesBuildPhase section */
		CCF95B70235EFDCB00FACFAD /* Sources */ = {
			isa = PBXSourcesBuildPhase;
			buildActionMask = 2147483647;
			files = (
				CCF95B7C235EFDCB00FACFAD /* ViewController.swift in Sources */,
				CCF95B78235EFDCB00FACFAD /* AppDelegate.swift in Sources */,
				CCF95B7A235EFDCB00FACFAD /* SceneDelegate.swift in Sources */,
			);
			runOnlyForDeploymentPostprocessing = 0;
		};
/* End PBXSourcesBuildPhase section */

/* Begin PBXVariantGroup section */
		CCF95B7D235EFDCB00FACFAD /* Main.storyboard */ = {
			isa = PBXVariantGroup;
			children = (
				CCF95B7E235EFDCB00FACFAD /* Base */,
			);
			name = Main.storyboard;
			sourceTree = "<group>";
		};
		CCF95B82235EFDCE00FACFAD /* LaunchScreen.storyboard */ = {
			isa = PBXVariantGroup;
			children = (
				CCF95B83235EFDCE00FACFAD /* Base */,
			);
			name = LaunchScreen.storyboard;
			sourceTree = "<group>";
		};
/* End PBXVariantGroup section */

/* Begin XCBuildConfiguration section */
		CCF95B86235EFDCE00FACFAD /* Debug */ = {
			isa = XCBuildConfiguration;
			buildSettings = {
				ALWAYS_SEARCH_USER_PATHS = NO;
				CLANG_ANALYZER_NONNULL = YES;
				CLANG_ANALYZER_NUMBER_OBJECT_CONVERSION = YES_AGGRESSIVE;
				CLANG_CXX_LANGUAGE_STANDARD = "gnu++14";
				CLANG_CXX_LIBRARY = "libc++";
				CLANG_ENABLE_MODULES = YES;
				CLANG_ENABLE_OBJC_ARC = YES;
				CLANG_ENABLE_OBJC_WEAK = YES;
				CLANG_WARN_BLOCK_CAPTURE_AUTORELEASING = YES;
				CLANG_WARN_BOOL_CONVERSION = YES;
				CLANG_WARN_COMMA = YES;
				CLANG_WARN_CONSTANT_CONVERSION = YES;
				CLANG_WARN_DEPRECATED_OBJC_IMPLEMENTATIONS = YES;
				CLANG_WARN_DIRECT_OBJC_ISA_USAGE = YES_ERROR;
				CLANG_WARN_DOCUMENTATION_COMMENTS = YES;
				CLANG_WARN_EMPTY_BODY = YES;
				CLANG_WARN_ENUM_CONVERSION = YES;
				CLANG_WARN_INFINITE_RECURSION = YES;
				CLANG_WARN_INT_CONVERSION = YES;
				CLANG_WARN_NON_LITERAL_NULL_CONVERSION = YES;
				CLANG_WARN_OBJC_IMPLICIT_RETAIN_SELF = YES;
				CLANG_WARN_OBJC_LITERAL_CONVERSION = YES;
				CLANG_WARN_OBJC_ROOT_CLASS = YES_ERROR;
				CLANG_WARN_RANGE_LOOP_ANALYSIS = YES;
				CLANG_WARN_STRICT_PROTOTYPES = YES;
				CLANG_WARN_SUSPICIOUS_MOVE = YES;
				CLANG_WARN_UNGUARDED_AVAILABILITY = YES_AGGRESSIVE;
				CLANG_WARN_UNREACHABLE_CODE = YES;
				CLANG_WARN__DUPLICATE_METHOD_MATCH = YES;
				COPY_PHASE_STRIP = NO;
				DEBUG_INFORMATION_FORMAT = dwarf;
				ENABLE_STRICT_OBJC_MSGSEND = YES;
				ENABLE_TESTABILITY = YES;
				GCC_C_LANGUAGE_STANDARD = gnu11;
				GCC_DYNAMIC_NO_PIC = NO;
				GCC_NO_COMMON_BLOCKS = YES;
				GCC_OPTIMIZATION_LEVEL = 0;
				GCC_PREPROCESSOR_DEFINITIONS = (
					"DEBUG=1",
					"$(inherited)",
				);
				GCC_WARN_64_TO_32_BIT_CONVERSION = YES;
				GCC_WARN_ABOUT_RETURN_TYPE = YES_ERROR;
				GCC_WARN_UNDECLARED_SELECTOR = YES;
				GCC_WARN_UNINITIALIZED_AUTOS = YES_AGGRESSIVE;
				GCC_WARN_UNUSED_FUNCTION = YES;
				GCC_WARN_UNUSED_VARIABLE = YES;
				IPHONEOS_DEPLOYMENT_TARGET = 13.1;
				MTL_ENABLE_DEBUG_INFO = INCLUDE_SOURCE;
				MTL_FAST_MATH = YES;
				ONLY_ACTIVE_ARCH = YES;
				SDKROOT = iphoneos;
				SWIFT_ACTIVE_COMPILATION_CONDITIONS = DEBUG;
				SWIFT_OPTIMIZATION_LEVEL = "-Onone";
			};
			name = Debug;
		};
		CCF95B87235EFDCE00FACFAD /* Release */ = {
			isa = XCBuildConfiguration;
			buildSettings = {
				ALWAYS_SEARCH_USER_PATHS = NO;
				CLANG_ANALYZER_NONNULL = YES;
				CLANG_ANALYZER_NUMBER_OBJECT_CONVERSION = YES_AGGRESSIVE;
				CLANG_CXX_LANGUAGE_STANDARD = "gnu++14";
				CLANG_CXX_LIBRARY = "libc++";
				CLANG_ENABLE_MODULES = YES;
				CLANG_ENABLE_OBJC_ARC = YES;
				CLANG_ENABLE_OBJC_WEAK = YES;
				CLANG_WARN_BLOCK_CAPTURE_AUTORELEASING = YES;
				CLANG_WARN_BOOL_CONVERSION = YES;
				CLANG_WARN_COMMA = YES;
				CLANG_WARN_CONSTANT_CONVERSION = YES;
				CLANG_WARN_DEPRECATED_OBJC_IMPLEMENTATIONS = YES;
				CLANG_WARN_DIRECT_OBJC_ISA_USAGE = YES_ERROR;
				CLANG_WARN_DOCUMENTATION_COMMENTS = YES;
				CLANG_WARN_EMPTY_BODY = YES;
				CLANG_WARN_ENUM_CONVERSION = YES;
				CLANG_WARN_INFINITE_RECURSION = YES;
				CLANG_WARN_INT_CONVERSION = YES;
				CLANG_WARN_NON_LITERAL_NULL_CONVERSION = YES;
				CLANG_WARN_OBJC_IMPLICIT_RETAIN_SELF = YES;
				CLANG_WARN_OBJC_LITERAL_CONVERSION = YES;
				CLANG_WARN_OBJC_ROOT_CLASS = YES_ERROR;
				CLANG_WARN_RANGE_LOOP_ANALYSIS = YES;
				CLANG_WARN_STRICT_PROTOTYPES = YES;
				CLANG_WARN_SUSPICIOUS_MOVE = YES;
				CLANG_WARN_UNGUARDED_AVAILABILITY = YES_AGGRESSIVE;
				CLANG_WARN_UNREACHABLE_CODE = YES;
				CLANG_WARN__DUPLICATE_METHOD_MATCH = YES;
				COPY_PHASE_STRIP = NO;
				DEBUG_INFORMATION_FORMAT = "dwarf-with-dsym";
				ENABLE_NS_ASSERTIONS = NO;
				ENABLE_STRICT_OBJC_MSGSEND = YES;
				GCC_C_LANGUAGE_STANDARD = gnu11;
				GCC_NO_COMMON_BLOCKS = YES;
				GCC_WARN_64_TO_32_BIT_CONVERSION = YES;
				GCC_WARN_ABOUT_RETURN_TYPE = YES_ERROR;
				GCC_WARN_UNDECLARED_SELECTOR = YES;
				GCC_WARN_UNINITIALIZED_AUTOS = YES_AGGRESSIVE;
				GCC_WARN_UNUSED_FUNCTION = YES;
				GCC_WARN_UNUSED_VARIABLE = YES;
				IPHONEOS_DEPLOYMENT_TARGET = 13.1;
				MTL_ENABLE_DEBUG_INFO = NO;
				MTL_FAST_MATH = YES;
				SDKROOT = iphoneos;
				SWIFT_COMPILATION_MODE = wholemodule;
				SWIFT_OPTIMIZATION_LEVEL = "-O";
				VALIDATE_PRODUCT = YES;
			};
			name = Release;
		};
		CCF95B89235EFDCE00FACFAD /* Debug */ = {
			isa = XCBuildConfiguration;
			buildSettings = {
				ASSETCATALOG_COMPILER_APPICON_NAME = AppIcon;
				CODE_SIGN_STYLE = Automatic;
				DEVELOPMENT_TEAM = KRM5HYEDXU;
				INFOPLIST_FILE = ShareEducation/Info.plist;
				LD_RUNPATH_SEARCH_PATHS = (
					"$(inherited)",
					"@executable_path/Frameworks",
				);
				PRODUCT_BUNDLE_IDENTIFIER = calendar.ShareEducation;
				PRODUCT_NAME = "$(TARGET_NAME)";
				SWIFT_VERSION = 5.0;
				TARGETED_DEVICE_FAMILY = "1,2";
			};
			name = Debug;
		};
		CCF95B8A235EFDCE00FACFAD /* Release */ = {
			isa = XCBuildConfiguration;
			buildSettings = {
				ASSETCATALOG_COMPILER_APPICON_NAME = AppIcon;
				CODE_SIGN_STYLE = Automatic;
				DEVELOPMENT_TEAM = KRM5HYEDXU;
				INFOPLIST_FILE = ShareEducation/Info.plist;
				LD_RUNPATH_SEARCH_PATHS = (
					"$(inherited)",
					"@executable_path/Frameworks",
				);
				PRODUCT_BUNDLE_IDENTIFIER = calendar.ShareEducation;
				PRODUCT_NAME = "$(TARGET_NAME)";
				SWIFT_VERSION = 5.0;
				TARGETED_DEVICE_FAMILY = "1,2";
			};
			name = Release;
		};
/* End XCBuildConfiguration section */

/* Begin XCConfigurationList section */
		CCF95B6F235EFDCB00FACFAD /* Build configuration list for PBXProject "ShareEducation" */ = {
			isa = XCConfigurationList;
			buildConfigurations = (
				CCF95B86235EFDCE00FACFAD /* Debug */,
				CCF95B87235EFDCE00FACFAD /* Release */,
			);
			defaultConfigurationIsVisible = 0;
			defaultConfigurationName = Release;
		};
		CCF95B88235EFDCE00FACFAD /* Build configuration list for PBXNativeTarget "ShareEducation" */ = {
			isa = XCConfigurationList;
			buildConfigurations = (
				CCF95B89235EFDCE00FACFAD /* Debug */,
				CCF95B8A235EFDCE00FACFAD /* Release */,
			);
			defaultConfigurationIsVisible = 0;
			defaultConfigurationName = Release;
		};
/* End XCConfigurationList section */
	};
	rootObject = CCF95B6C235EFDCB00FACFAD /* Project object */;
}
