// !$*UTF8*$!
{
	archiveVersion = 1;
	classes = {
	};
	objectVersion = 50;
	objects = {

/* Begin PBXBuildFile section */
		55D15AAF20EE9A762F62D938 /* Pods_ShareEducation.framework in Frameworks */ = {isa = PBXBuildFile; fileRef = F0ABD045D700378177E0FD56 /* Pods_ShareEducation.framework */; };
		CCB3D9C0235FEDDC008E31AE /* LoginViewController.swift in Sources */ = {isa = PBXBuildFile; fileRef = CCB3D9BF235FEDDC008E31AE /* LoginViewController.swift */; };
		CCB3D9C2235FEDEF008E31AE /* RegisterViewController.swift in Sources */ = {isa = PBXBuildFile; fileRef = CCB3D9C1235FEDEF008E31AE /* RegisterViewController.swift */; };
		CCB3D9C4235FEE4B008E31AE /* CourseViewController.swift in Sources */ = {isa = PBXBuildFile; fileRef = CCB3D9C3235FEE4B008E31AE /* CourseViewController.swift */; };
		CCB3D9C6235FEE67008E31AE /* TeacherSearchViewController.swift in Sources */ = {isa = PBXBuildFile; fileRef = CCB3D9C5235FEE67008E31AE /* TeacherSearchViewController.swift */; };
		CCB3D9C8235FEE8A008E31AE /* TeacherDetailViewController.swift in Sources */ = {isa = PBXBuildFile; fileRef = CCB3D9C7235FEE8A008E31AE /* TeacherDetailViewController.swift */; };
		CCB3D9CA235FEF4B008E31AE /* CustomServiceViewController.swift in Sources */ = {isa = PBXBuildFile; fileRef = CCB3D9C9235FEF4B008E31AE /* CustomServiceViewController.swift */; };
		CCB3D9CC235FEF5E008E31AE /* UserInfoViewController.swift in Sources */ = {isa = PBXBuildFile; fileRef = CCB3D9CB235FEF5E008E31AE /* UserInfoViewController.swift */; };
		CCB3D9CE235FEF7B008E31AE /* MyCoursesViewController.swift in Sources */ = {isa = PBXBuildFile; fileRef = CCB3D9CD235FEF7B008E31AE /* MyCoursesViewController.swift */; };
		CCB3D9D0235FEF90008E31AE /* MyFavoriteViewController.swift in Sources */ = {isa = PBXBuildFile; fileRef = CCB3D9CF235FEF90008E31AE /* MyFavoriteViewController.swift */; };
		CCB3D9D3235FEFB6008E31AE /* PlayerViewController.swift in Sources */ = {isa = PBXBuildFile; fileRef = CCB3D9D2235FEFB6008E31AE /* PlayerViewController.swift */; };
		CCB3D9D5235FEFFD008E31AE /* PaymentViewController.swift in Sources */ = {isa = PBXBuildFile; fileRef = CCB3D9D4235FEFFD008E31AE /* PaymentViewController.swift */; };
		CCB3D9D7235FF039008E31AE /* GradeSettingViewController.swift in Sources */ = {isa = PBXBuildFile; fileRef = CCB3D9D6235FF039008E31AE /* GradeSettingViewController.swift */; };
		CCB3D9D9235FF052008E31AE /* ShoppingCarViewController.swift in Sources */ = {isa = PBXBuildFile; fileRef = CCB3D9D8235FF052008E31AE /* ShoppingCarViewController.swift */; };
		CCF95B78235EFDCB00FACFAD /* AppDelegate.swift in Sources */ = {isa = PBXBuildFile; fileRef = CCF95B77235EFDCB00FACFAD /* AppDelegate.swift */; };
		CCF95B7A235EFDCB00FACFAD /* SceneDelegate.swift in Sources */ = {isa = PBXBuildFile; fileRef = CCF95B79235EFDCB00FACFAD /* SceneDelegate.swift */; };
		CCF95B7C235EFDCB00FACFAD /* ViewController.swift in Sources */ = {isa = PBXBuildFile; fileRef = CCF95B7B235EFDCB00FACFAD /* ViewController.swift */; };
		CCF95B7F235EFDCB00FACFAD /* Main.storyboard in Resources */ = {isa = PBXBuildFile; fileRef = CCF95B7D235EFDCB00FACFAD /* Main.storyboard */; };
		CCF95B81235EFDCE00FACFAD /* Assets.xcassets in Resources */ = {isa = PBXBuildFile; fileRef = CCF95B80235EFDCE00FACFAD /* Assets.xcassets */; };
		CCF95B84235EFDCE00FACFAD /* LaunchScreen.storyboard in Resources */ = {isa = PBXBuildFile; fileRef = CCF95B82235EFDCE00FACFAD /* LaunchScreen.storyboard */; };
		CCF95B93235F015E00FACFAD /* HomePageViewController.swift in Sources */ = {isa = PBXBuildFile; fileRef = CCF95B92235F015E00FACFAD /* HomePageViewController.swift */; };
		CCF95B95235F02B800FACFAD /* SchoolTimetableViewController.swift in Sources */ = {isa = PBXBuildFile; fileRef = CCF95B94235F02B800FACFAD /* SchoolTimetableViewController.swift */; };
		CCF95B97235F02D300FACFAD /* FamousTeacherViewController.swift in Sources */ = {isa = PBXBuildFile; fileRef = CCF95B96235F02D300FACFAD /* FamousTeacherViewController.swift */; };
		CCF95B99235F02E700FACFAD /* MineViewController.swift in Sources */ = {isa = PBXBuildFile; fileRef = CCF95B98235F02E700FACFAD /* MineViewController.swift */; };
/* End PBXBuildFile section */

/* Begin PBXFileReference section */
		65150237C841E146EE495BBB /* Pods-ShareEducation.release.xcconfig */ = {isa = PBXFileReference; includeInIndex = 1; lastKnownFileType = text.xcconfig; name = "Pods-ShareEducation.release.xcconfig"; path = "Target Support Files/Pods-ShareEducation/Pods-ShareEducation.release.xcconfig"; sourceTree = "<group>"; };
		CCB3D9BF235FEDDC008E31AE /* LoginViewController.swift */ = {isa = PBXFileReference; lastKnownFileType = sourcecode.swift; path = LoginViewController.swift; sourceTree = "<group>"; };
		CCB3D9C1235FEDEF008E31AE /* RegisterViewController.swift */ = {isa = PBXFileReference; lastKnownFileType = sourcecode.swift; path = RegisterViewController.swift; sourceTree = "<group>"; };
		CCB3D9C3235FEE4B008E31AE /* CourseViewController.swift */ = {isa = PBXFileReference; lastKnownFileType = sourcecode.swift; path = CourseViewController.swift; sourceTree = "<group>"; };
		CCB3D9C5235FEE67008E31AE /* TeacherSearchViewController.swift */ = {isa = PBXFileReference; lastKnownFileType = sourcecode.swift; path = TeacherSearchViewController.swift; sourceTree = "<group>"; };
		CCB3D9C7235FEE8A008E31AE /* TeacherDetailViewController.swift */ = {isa = PBXFileReference; lastKnownFileType = sourcecode.swift; path = TeacherDetailViewController.swift; sourceTree = "<group>"; };
		CCB3D9C9235FEF4B008E31AE /* CustomServiceViewController.swift */ = {isa = PBXFileReference; lastKnownFileType = sourcecode.swift; path = CustomServiceViewController.swift; sourceTree = "<group>"; };
		CCB3D9CB235FEF5E008E31AE /* UserInfoViewController.swift */ = {isa = PBXFileReference; lastKnownFileType = sourcecode.swift; path = UserInfoViewController.swift; sourceTree = "<group>"; };
		CCB3D9CD235FEF7B008E31AE /* MyCoursesViewController.swift */ = {isa = PBXFileReference; lastKnownFileType = sourcecode.swift; path = MyCoursesViewController.swift; sourceTree = "<group>"; };
		CCB3D9CF235FEF90008E31AE /* MyFavoriteViewController.swift */ = {isa = PBXFileReference; lastKnownFileType = sourcecode.swift; path = MyFavoriteViewController.swift; sourceTree = "<group>"; };
		CCB3D9D2235FEFB6008E31AE /* PlayerViewController.swift */ = {isa = PBXFileReference; lastKnownFileType = sourcecode.swift; path = PlayerViewController.swift; sourceTree = "<group>"; };
		CCB3D9D4235FEFFD008E31AE /* PaymentViewController.swift */ = {isa = PBXFileReference; lastKnownFileType = sourcecode.swift; path = PaymentViewController.swift; sourceTree = "<group>"; };
		CCB3D9D6235FF039008E31AE /* GradeSettingViewController.swift */ = {isa = PBXFileReference; lastKnownFileType = sourcecode.swift; path = GradeSettingViewController.swift; sourceTree = "<group>"; };
		CCB3D9D8235FF052008E31AE /* ShoppingCarViewController.swift */ = {isa = PBXFileReference; lastKnownFileType = sourcecode.swift; path = ShoppingCarViewController.swift; sourceTree = "<group>"; };
		CCF95B74235EFDCB00FACFAD /* ShareEducation.app */ = {isa = PBXFileReference; explicitFileType = wrapper.application; includeInIndex = 0; path = ShareEducation.app; sourceTree = BUILT_PRODUCTS_DIR; };
		CCF95B77235EFDCB00FACFAD /* AppDelegate.swift */ = {isa = PBXFileReference; lastKnownFileType = sourcecode.swift; path = AppDelegate.swift; sourceTree = "<group>"; };
		CCF95B79235EFDCB00FACFAD /* SceneDelegate.swift */ = {isa = PBXFileReference; lastKnownFileType = sourcecode.swift; path = SceneDelegate.swift; sourceTree = "<group>"; };
		CCF95B7B235EFDCB00FACFAD /* ViewController.swift */ = {isa = PBXFileReference; lastKnownFileType = sourcecode.swift; path = ViewController.swift; sourceTree = "<group>"; };
		CCF95B7E235EFDCB00FACFAD /* Base */ = {isa = PBXFileReference; lastKnownFileType = file.storyboard; name = Base; path = Base.lproj/Main.storyboard; sourceTree = "<group>"; };
		CCF95B80235EFDCE00FACFAD /* Assets.xcassets */ = {isa = PBXFileReference; lastKnownFileType = folder.assetcatalog; path = Assets.xcassets; sourceTree = "<group>"; };
		CCF95B83235EFDCE00FACFAD /* Base */ = {isa = PBXFileReference; lastKnownFileType = file.storyboard; name = Base; path = Base.lproj/LaunchScreen.storyboard; sourceTree = "<group>"; };
		CCF95B85235EFDCE00FACFAD /* Info.plist */ = {isa = PBXFileReference; lastKnownFileType = text.plist.xml; path = Info.plist; sourceTree = "<group>"; };
		CCF95B92235F015E00FACFAD /* HomePageViewController.swift */ = {isa = PBXFileReference; lastKnownFileType = sourcecode.swift; path = HomePageViewController.swift; sourceTree = "<group>"; };
		CCF95B94235F02B800FACFAD /* SchoolTimetableViewController.swift */ = {isa = PBXFileReference; lastKnownFileType = sourcecode.swift; path = SchoolTimetableViewController.swift; sourceTree = "<group>"; };
		CCF95B96235F02D300FACFAD /* FamousTeacherViewController.swift */ = {isa = PBXFileReference; lastKnownFileType = sourcecode.swift; path = FamousTeacherViewController.swift; sourceTree = "<group>"; };
		CCF95B98235F02E700FACFAD /* MineViewController.swift */ = {isa = PBXFileReference; lastKnownFileType = sourcecode.swift; path = MineViewController.swift; sourceTree = "<group>"; };
		F0ABD045D700378177E0FD56 /* Pods_ShareEducation.framework */ = {isa = PBXFileReference; explicitFileType = wrapper.framework; includeInIndex = 0; path = Pods_ShareEducation.framework; sourceTree = BUILT_PRODUCTS_DIR; };
		F229B415CD46AC344FAB7417 /* Pods-ShareEducation.debug.xcconfig */ = {isa = PBXFileReference; includeInIndex = 1; lastKnownFileType = text.xcconfig; name = "Pods-ShareEducation.debug.xcconfig"; path = "Target Support Files/Pods-ShareEducation/Pods-ShareEducation.debug.xcconfig"; sourceTree = "<group>"; };
/* End PBXFileReference section */

/* Begin PBXFrameworksBuildPhase section */
		CCF95B71235EFDCB00FACFAD /* Frameworks */ = {
			isa = PBXFrameworksBuildPhase;
			buildActionMask = 2147483647;
			files = (
				55D15AAF20EE9A762F62D938 /* Pods_ShareEducation.framework in Frameworks */,
			);
			runOnlyForDeploymentPostprocessing = 0;
		};
/* End PBXFrameworksBuildPhase section */

/* Begin PBXGroup section */
		7A2CD48977914E5A0F9524D2 /* Pods */ = {
			isa = PBXGroup;
			children = (
				F229B415CD46AC344FAB7417 /* Pods-ShareEducation.debug.xcconfig */,
				65150237C841E146EE495BBB /* Pods-ShareEducation.release.xcconfig */,
			);
			name = Pods;
			path = Pods;
			sourceTree = "<group>";
		};
		8BFDA98B1FEC3E6F61474F11 /* Frameworks */ = {
			isa = PBXGroup;
			children = (
				F0ABD045D700378177E0FD56 /* Pods_ShareEducation.framework */,
			);
			name = Frameworks;
			sourceTree = "<group>";
		};
		CCB3D9D1235FEFA7008E31AE /* Controller */ = {
			isa = PBXGroup;
			children = (
				CCB3D9D2235FEFB6008E31AE /* PlayerViewController.swift */,
				CCB3D9D4235FEFFD008E31AE /* PaymentViewController.swift */,
				CCB3D9D6235FF039008E31AE /* GradeSettingViewController.swift */,
				CCB3D9D8235FF052008E31AE /* ShoppingCarViewController.swift */,
			);
			path = Controller;
			sourceTree = "<group>";
		};
		CCF95B6B235EFDCA00FACFAD = {
			isa = PBXGroup;
			children = (
				CCF95B76235EFDCB00FACFAD /* ShareEducation */,
				CCF95B75235EFDCB00FACFAD /* Products */,
				7A2CD48977914E5A0F9524D2 /* Pods */,
				8BFDA98B1FEC3E6F61474F11 /* Frameworks */,
			);
			sourceTree = "<group>";
		};
		CCF95B75235EFDCB00FACFAD /* Products */ = {
			isa = PBXGroup;
			children = (
				CCF95B74235EFDCB00FACFAD /* ShareEducation.app */,
			);
			name = Products;
			sourceTree = "<group>";
		};
		CCF95B76235EFDCB00FACFAD /* ShareEducation */ = {
			isa = PBXGroup;
			children = (
				CCF95B8B235F00D800FACFAD /* Classes */,
				CCF95B77235EFDCB00FACFAD /* AppDelegate.swift */,
				CCF95B79235EFDCB00FACFAD /* SceneDelegate.swift */,
				CCF95B7B235EFDCB00FACFAD /* ViewController.swift */,
				CCF95B7D235EFDCB00FACFAD /* Main.storyboard */,
				CCF95B80235EFDCE00FACFAD /* Assets.xcassets */,
				CCF95B82235EFDCE00FACFAD /* LaunchScreen.storyboard */,
				CCF95B85235EFDCE00FACFAD /* Info.plist */,
			);
			path = ShareEducation;
			sourceTree = "<group>";
		};
		CCF95B8B235F00D800FACFAD /* Classes */ = {
			isa = PBXGroup;
			children = (
				CCF95B90235F013800FACFAD /* Homepage */,
				CCF95B8F235F010A00FACFAD /* SchoolTimetable */,
				CCF95B8E235F00FD00FACFAD /* FamousTeacher */,
				CCF95B8D235F00F700FACFAD /* Mine */,
				CCF95B8C235F00E600FACFAD /* Common */,
			);
			path = Classes;
			sourceTree = "<group>";
		};
		CCF95B8C235F00E600FACFAD /* Common */ = {
			isa = PBXGroup;
			children = (
				CCB3D9D1235FEFA7008E31AE /* Controller */,
			);
			path = Common;
			sourceTree = "<group>";
		};
		CCF95B8D235F00F700FACFAD /* Mine */ = {
			isa = PBXGroup;
			children = (
				CCF95B9C235F035500FACFAD /* Controller */,
			);
			path = Mine;
			sourceTree = "<group>";
		};
		CCF95B8E235F00FD00FACFAD /* FamousTeacher */ = {
			isa = PBXGroup;
			children = (
				CCF95B9B235F034B00FACFAD /* Controller */,
			);
			path = FamousTeacher;
			sourceTree = "<group>";
		};
		CCF95B8F235F010A00FACFAD /* SchoolTimetable */ = {
			isa = PBXGroup;
			children = (
				CCF95B9A235F034300FACFAD /* Controller */,
			);
			path = SchoolTimetable;
			sourceTree = "<group>";
		};
		CCF95B90235F013800FACFAD /* Homepage */ = {
			isa = PBXGroup;
			children = (
				CCF95B91235F014900FACFAD /* Controller */,
			);
			path = Homepage;
			sourceTree = "<group>";
		};
		CCF95B91235F014900FACFAD /* Controller */ = {
			isa = PBXGroup;
			children = (
				CCF95B92235F015E00FACFAD /* HomePageViewController.swift */,
			);
			path = Controller;
			sourceTree = "<group>";
		};
		CCF95B9A235F034300FACFAD /* Controller */ = {
			isa = PBXGroup;
			children = (
				CCF95B94235F02B800FACFAD /* SchoolTimetableViewController.swift */,
				CCB3D9C3235FEE4B008E31AE /* CourseViewController.swift */,
			);
			path = Controller;
			sourceTree = "<group>";
		};
		CCF95B9B235F034B00FACFAD /* Controller */ = {
			isa = PBXGroup;
			children = (
				CCF95B96235F02D300FACFAD /* FamousTeacherViewController.swift */,
				CCB3D9C5235FEE67008E31AE /* TeacherSearchViewController.swift */,
				CCB3D9C7235FEE8A008E31AE /* TeacherDetailViewController.swift */,
			);
			path = Controller;
			sourceTree = "<group>";
		};
		CCF95B9C235F035500FACFAD /* Controller */ = {
			isa = PBXGroup;
			children = (
				CCF95B98235F02E700FACFAD /* MineViewController.swift */,
				CCB3D9BF235FEDDC008E31AE /* LoginViewController.swift */,
				CCB3D9C1235FEDEF008E31AE /* RegisterViewController.swift */,
				CCB3D9C9235FEF4B008E31AE /* CustomServiceViewController.swift */,
				CCB3D9CB235FEF5E008E31AE /* UserInfoViewController.swift */,
				CCB3D9CD235FEF7B008E31AE /* MyCoursesViewController.swift */,
				CCB3D9CF235FEF90008E31AE /* MyFavoriteViewController.swift */,
			);
			path = Controller;
			sourceTree = "<group>";
		};
/* End PBXGroup section */

/* Begin PBXNativeTarget section */
		CCF95B73235EFDCB00FACFAD /* ShareEducation */ = {
			isa = PBXNativeTarget;
			buildConfigurationList = CCF95B88235EFDCE00FACFAD /* Build configuration list for PBXNativeTarget "ShareEducation" */;
			buildPhases = (
				667DE8D54DD77DE17269A099 /* [CP] Check Pods Manifest.lock */,
				CCF95B70235EFDCB00FACFAD /* Sources */,
				CCF95B71235EFDCB00FACFAD /* Frameworks */,
				CCF95B72235EFDCB00FACFAD /* Resources */,
				CC559B277B75F64959BF4A8A /* [CP] Embed Pods Frameworks */,
			);
			buildRules = (
			);
			dependencies = (
			);
			name = ShareEducation;
			productName = ShareEducation;
			productReference = CCF95B74235EFDCB00FACFAD /* ShareEducation.app */;
			productType = "com.apple.product-type.application";
		};
/* End PBXNativeTarget section */

/* Begin PBXProject section */
		CCF95B6C235EFDCB00FACFAD /* Project object */ = {
			isa = PBXProject;
			attributes = {
				LastSwiftUpdateCheck = 1110;
				LastUpgradeCheck = 1110;
				ORGANIZATIONNAME = "严明俊";
				TargetAttributes = {
					CCF95B73235EFDCB00FACFAD = {
						CreatedOnToolsVersion = 11.1;
					};
				};
			};
			buildConfigurationList = CCF95B6F235EFDCB00FACFAD /* Build configuration list for PBXProject "ShareEducation" */;
			compatibilityVersion = "Xcode 9.3";
			developmentRegion = en;
			hasScannedForEncodings = 0;
			knownRegions = (
				en,
				Base,
			);
			mainGroup = CCF95B6B235EFDCA00FACFAD;
			productRefGroup = CCF95B75235EFDCB00FACFAD /* Products */;
			projectDirPath = "";
			projectRoot = "";
			targets = (
				CCF95B73235EFDCB00FACFAD /* ShareEducation */,
			);
		};
/* End PBXProject section */

/* Begin PBXResourcesBuildPhase section */
		CCF95B72235EFDCB00FACFAD /* Resources */ = {
			isa = PBXResourcesBuildPhase;
			buildActionMask = 2147483647;
			files = (
				CCF95B84235EFDCE00FACFAD /* LaunchScreen.storyboard in Resources */,
				CCF95B81235EFDCE00FACFAD /* Assets.xcassets in Resources */,
				CCF95B7F235EFDCB00FACFAD /* Main.storyboard in Resources */,
			);
			runOnlyForDeploymentPostprocessing = 0;
		};
/* End PBXResourcesBuildPhase section */

/* Begin PBXShellScriptBuildPhase section */
		667DE8D54DD77DE17269A099 /* [CP] Check Pods Manifest.lock */ = {
			isa = PBXShellScriptBuildPhase;
			buildActionMask = 2147483647;
			files = (
			);
			inputFileListPaths = (
			);
			inputPaths = (
				"${PODS_PODFILE_DIR_PATH}/Podfile.lock",
				"${PODS_ROOT}/Manifest.lock",
			);
			name = "[CP] Check Pods Manifest.lock";
			outputFileListPaths = (
			);
			outputPaths = (
				"$(DERIVED_FILE_DIR)/Pods-ShareEducation-checkManifestLockResult.txt",
			);
			runOnlyForDeploymentPostprocessing = 0;
			shellPath = /bin/sh;
			shellScript = "diff \"${PODS_PODFILE_DIR_PATH}/Podfile.lock\" \"${PODS_ROOT}/Manifest.lock\" > /dev/null\nif [ $? != 0 ] ; then\n    # print error to STDERR\n    echo \"error: The sandbox is not in sync with the Podfile.lock. Run 'pod install' or update your CocoaPods installation.\" >&2\n    exit 1\nfi\n# This output is used by Xcode 'outputs' to avoid re-running this script phase.\necho \"SUCCESS\" > \"${SCRIPT_OUTPUT_FILE_0}\"\n";
			showEnvVarsInLog = 0;
		};
		CC559B277B75F64959BF4A8A /* [CP] Embed Pods Frameworks */ = {
			isa = PBXShellScriptBuildPhase;
			buildActionMask = 2147483647;
			files = (
			);
			inputFileListPaths = (
				"${PODS_ROOT}/Target Support Files/Pods-ShareEducation/Pods-ShareEducation-frameworks-${CONFIGURATION}-input-files.xcfilelist",
			);
			name = "[CP] Embed Pods Frameworks";
			outputFileListPaths = (
				"${PODS_ROOT}/Target Support Files/Pods-ShareEducation/Pods-ShareEducation-frameworks-${CONFIGURATION}-output-files.xcfilelist",
			);
			runOnlyForDeploymentPostprocessing = 0;
			shellPath = /bin/sh;
			shellScript = "\"${PODS_ROOT}/Target Support Files/Pods-ShareEducation/Pods-ShareEducation-frameworks.sh\"\n";
			showEnvVarsInLog = 0;
		};
/* End PBXShellScriptBuildPhase section */

/* Begin PBXSourcesBuildPhase section */
		CCF95B70235EFDCB00FACFAD /* Sources */ = {
			isa = PBXSourcesBuildPhase;
			buildActionMask = 2147483647;
			files = (
				CCB3D9C2235FEDEF008E31AE /* RegisterViewController.swift in Sources */,
				CCB3D9CC235FEF5E008E31AE /* UserInfoViewController.swift in Sources */,
				CCF95B93235F015E00FACFAD /* HomePageViewController.swift in Sources */,
				CCB3D9D7235FF039008E31AE /* GradeSettingViewController.swift in Sources */,
				CCB3D9C8235FEE8A008E31AE /* TeacherDetailViewController.swift in Sources */,
				CCB3D9CE235FEF7B008E31AE /* MyCoursesViewController.swift in Sources */,
				CCF95B7C235EFDCB00FACFAD /* ViewController.swift in Sources */,
				CCB3D9C4235FEE4B008E31AE /* CourseViewController.swift in Sources */,
				CCB3D9D5235FEFFD008E31AE /* PaymentViewController.swift in Sources */,
				CCB3D9CA235FEF4B008E31AE /* CustomServiceViewController.swift in Sources */,
				CCF95B97235F02D300FACFAD /* FamousTeacherViewController.swift in Sources */,
				CCB3D9D9235FF052008E31AE /* ShoppingCarViewController.swift in Sources */,
				CCB3D9C6235FEE67008E31AE /* TeacherSearchViewController.swift in Sources */,
				CCF95B99235F02E700FACFAD /* MineViewController.swift in Sources */,
				CCB3D9C0235FEDDC008E31AE /* LoginViewController.swift in Sources */,
				CCF95B95235F02B800FACFAD /* SchoolTimetableViewController.swift in Sources */,
				CCF95B78235EFDCB00FACFAD /* AppDelegate.swift in Sources */,
				CCB3D9D0235FEF90008E31AE /* MyFavoriteViewController.swift in Sources */,
				CCF95B7A235EFDCB00FACFAD /* SceneDelegate.swift in Sources */,
				CCB3D9D3235FEFB6008E31AE /* PlayerViewController.swift in Sources */,
			);
			runOnlyForDeploymentPostprocessing = 0;
		};
/* End PBXSourcesBuildPhase section */

/* Begin PBXVariantGroup section */
		CCF95B7D235EFDCB00FACFAD /* Main.storyboard */ = {
			isa = PBXVariantGroup;
			children = (
				CCF95B7E235EFDCB00FACFAD /* Base */,
			);
			name = Main.storyboard;
			sourceTree = "<group>";
		};
		CCF95B82235EFDCE00FACFAD /* LaunchScreen.storyboard */ = {
			isa = PBXVariantGroup;
			children = (
				CCF95B83235EFDCE00FACFAD /* Base */,
			);
			name = LaunchScreen.storyboard;
			sourceTree = "<group>";
		};
/* End PBXVariantGroup section */

/* Begin XCBuildConfiguration section */
		CCF95B86235EFDCE00FACFAD /* Debug */ = {
			isa = XCBuildConfiguration;
			buildSettings = {
				ALWAYS_SEARCH_USER_PATHS = NO;
				CLANG_ANALYZER_NONNULL = YES;
				CLANG_ANALYZER_NUMBER_OBJECT_CONVERSION = YES_AGGRESSIVE;
				CLANG_CXX_LANGUAGE_STANDARD = "gnu++14";
				CLANG_CXX_LIBRARY = "libc++";
				CLANG_ENABLE_MODULES = YES;
				CLANG_ENABLE_OBJC_ARC = YES;
				CLANG_ENABLE_OBJC_WEAK = YES;
				CLANG_WARN_BLOCK_CAPTURE_AUTORELEASING = YES;
				CLANG_WARN_BOOL_CONVERSION = YES;
				CLANG_WARN_COMMA = YES;
				CLANG_WARN_CONSTANT_CONVERSION = YES;
				CLANG_WARN_DEPRECATED_OBJC_IMPLEMENTATIONS = YES;
				CLANG_WARN_DIRECT_OBJC_ISA_USAGE = YES_ERROR;
				CLANG_WARN_DOCUMENTATION_COMMENTS = YES;
				CLANG_WARN_EMPTY_BODY = YES;
				CLANG_WARN_ENUM_CONVERSION = YES;
				CLANG_WARN_INFINITE_RECURSION = YES;
				CLANG_WARN_INT_CONVERSION = YES;
				CLANG_WARN_NON_LITERAL_NULL_CONVERSION = YES;
				CLANG_WARN_OBJC_IMPLICIT_RETAIN_SELF = YES;
				CLANG_WARN_OBJC_LITERAL_CONVERSION = YES;
				CLANG_WARN_OBJC_ROOT_CLASS = YES_ERROR;
				CLANG_WARN_RANGE_LOOP_ANALYSIS = YES;
				CLANG_WARN_STRICT_PROTOTYPES = YES;
				CLANG_WARN_SUSPICIOUS_MOVE = YES;
				CLANG_WARN_UNGUARDED_AVAILABILITY = YES_AGGRESSIVE;
				CLANG_WARN_UNREACHABLE_CODE = YES;
				CLANG_WARN__DUPLICATE_METHOD_MATCH = YES;
				COPY_PHASE_STRIP = NO;
				DEBUG_INFORMATION_FORMAT = dwarf;
				ENABLE_STRICT_OBJC_MSGSEND = YES;
				ENABLE_TESTABILITY = YES;
				GCC_C_LANGUAGE_STANDARD = gnu11;
				GCC_DYNAMIC_NO_PIC = NO;
				GCC_NO_COMMON_BLOCKS = YES;
				GCC_OPTIMIZATION_LEVEL = 0;
				GCC_PREPROCESSOR_DEFINITIONS = (
					"DEBUG=1",
					"$(inherited)",
				);
				GCC_WARN_64_TO_32_BIT_CONVERSION = YES;
				GCC_WARN_ABOUT_RETURN_TYPE = YES_ERROR;
				GCC_WARN_UNDECLARED_SELECTOR = YES;
				GCC_WARN_UNINITIALIZED_AUTOS = YES_AGGRESSIVE;
				GCC_WARN_UNUSED_FUNCTION = YES;
				GCC_WARN_UNUSED_VARIABLE = YES;
				IPHONEOS_DEPLOYMENT_TARGET = 13.1;
				MTL_ENABLE_DEBUG_INFO = INCLUDE_SOURCE;
				MTL_FAST_MATH = YES;
				ONLY_ACTIVE_ARCH = YES;
				SDKROOT = iphoneos;
				SWIFT_ACTIVE_COMPILATION_CONDITIONS = DEBUG;
				SWIFT_OPTIMIZATION_LEVEL = "-Onone";
			};
			name = Debug;
		};
		CCF95B87235EFDCE00FACFAD /* Release */ = {
			isa = XCBuildConfiguration;
			buildSettings = {
				ALWAYS_SEARCH_USER_PATHS = NO;
				CLANG_ANALYZER_NONNULL = YES;
				CLANG_ANALYZER_NUMBER_OBJECT_CONVERSION = YES_AGGRESSIVE;
				CLANG_CXX_LANGUAGE_STANDARD = "gnu++14";
				CLANG_CXX_LIBRARY = "libc++";
				CLANG_ENABLE_MODULES = YES;
				CLANG_ENABLE_OBJC_ARC = YES;
				CLANG_ENABLE_OBJC_WEAK = YES;
				CLANG_WARN_BLOCK_CAPTURE_AUTORELEASING = YES;
				CLANG_WARN_BOOL_CONVERSION = YES;
				CLANG_WARN_COMMA = YES;
				CLANG_WARN_CONSTANT_CONVERSION = YES;
				CLANG_WARN_DEPRECATED_OBJC_IMPLEMENTATIONS = YES;
				CLANG_WARN_DIRECT_OBJC_ISA_USAGE = YES_ERROR;
				CLANG_WARN_DOCUMENTATION_COMMENTS = YES;
				CLANG_WARN_EMPTY_BODY = YES;
				CLANG_WARN_ENUM_CONVERSION = YES;
				CLANG_WARN_INFINITE_RECURSION = YES;
				CLANG_WARN_INT_CONVERSION = YES;
				CLANG_WARN_NON_LITERAL_NULL_CONVERSION = YES;
				CLANG_WARN_OBJC_IMPLICIT_RETAIN_SELF = YES;
				CLANG_WARN_OBJC_LITERAL_CONVERSION = YES;
				CLANG_WARN_OBJC_ROOT_CLASS = YES_ERROR;
				CLANG_WARN_RANGE_LOOP_ANALYSIS = YES;
				CLANG_WARN_STRICT_PROTOTYPES = YES;
				CLANG_WARN_SUSPICIOUS_MOVE = YES;
				CLANG_WARN_UNGUARDED_AVAILABILITY = YES_AGGRESSIVE;
				CLANG_WARN_UNREACHABLE_CODE = YES;
				CLANG_WARN__DUPLICATE_METHOD_MATCH = YES;
				COPY_PHASE_STRIP = NO;
				DEBUG_INFORMATION_FORMAT = "dwarf-with-dsym";
				ENABLE_NS_ASSERTIONS = NO;
				ENABLE_STRICT_OBJC_MSGSEND = YES;
				GCC_C_LANGUAGE_STANDARD = gnu11;
				GCC_NO_COMMON_BLOCKS = YES;
				GCC_WARN_64_TO_32_BIT_CONVERSION = YES;
				GCC_WARN_ABOUT_RETURN_TYPE = YES_ERROR;
				GCC_WARN_UNDECLARED_SELECTOR = YES;
				GCC_WARN_UNINITIALIZED_AUTOS = YES_AGGRESSIVE;
				GCC_WARN_UNUSED_FUNCTION = YES;
				GCC_WARN_UNUSED_VARIABLE = YES;
				IPHONEOS_DEPLOYMENT_TARGET = 13.1;
				MTL_ENABLE_DEBUG_INFO = NO;
				MTL_FAST_MATH = YES;
				SDKROOT = iphoneos;
				SWIFT_COMPILATION_MODE = wholemodule;
				SWIFT_OPTIMIZATION_LEVEL = "-O";
				VALIDATE_PRODUCT = YES;
			};
			name = Release;
		};
		CCF95B89235EFDCE00FACFAD /* Debug */ = {
			isa = XCBuildConfiguration;
			baseConfigurationReference = F229B415CD46AC344FAB7417 /* Pods-ShareEducation.debug.xcconfig */;
			buildSettings = {
				ASSETCATALOG_COMPILER_APPICON_NAME = AppIcon;
				CODE_SIGN_STYLE = Automatic;
				DEVELOPMENT_TEAM = KRM5HYEDXU;
				INFOPLIST_FILE = ShareEducation/Info.plist;
				IPHONEOS_DEPLOYMENT_TARGET = 10.0;
				LD_RUNPATH_SEARCH_PATHS = (
					"$(inherited)",
					"@executable_path/Frameworks",
				);
				PRODUCT_BUNDLE_IDENTIFIER = calendar.ShareEducation;
				PRODUCT_NAME = "$(TARGET_NAME)";
				SWIFT_VERSION = 5.0;
				TARGETED_DEVICE_FAMILY = "1,2";
			};
			name = Debug;
		};
		CCF95B8A235EFDCE00FACFAD /* Release */ = {
			isa = XCBuildConfiguration;
			baseConfigurationReference = 65150237C841E146EE495BBB /* Pods-ShareEducation.release.xcconfig */;
			buildSettings = {
				ASSETCATALOG_COMPILER_APPICON_NAME = AppIcon;
				CODE_SIGN_STYLE = Automatic;
				DEVELOPMENT_TEAM = KRM5HYEDXU;
				INFOPLIST_FILE = ShareEducation/Info.plist;
				IPHONEOS_DEPLOYMENT_TARGET = 10.0;
				LD_RUNPATH_SEARCH_PATHS = (
					"$(inherited)",
					"@executable_path/Frameworks",
				);
				PRODUCT_BUNDLE_IDENTIFIER = calendar.ShareEducation;
				PRODUCT_NAME = "$(TARGET_NAME)";
				SWIFT_VERSION = 5.0;
				TARGETED_DEVICE_FAMILY = "1,2";
			};
			name = Release;
		};
/* End XCBuildConfiguration section */

/* Begin XCConfigurationList section */
		CCF95B6F235EFDCB00FACFAD /* Build configuration list for PBXProject "ShareEducation" */ = {
			isa = XCConfigurationList;
			buildConfigurations = (
				CCF95B86235EFDCE00FACFAD /* Debug */,
				CCF95B87235EFDCE00FACFAD /* Release */,
			);
			defaultConfigurationIsVisible = 0;
			defaultConfigurationName = Release;
		};
		CCF95B88235EFDCE00FACFAD /* Build configuration list for PBXNativeTarget "ShareEducation" */ = {
			isa = XCConfigurationList;
			buildConfigurations = (
				CCF95B89235EFDCE00FACFAD /* Debug */,
				CCF95B8A235EFDCE00FACFAD /* Release */,
			);
			defaultConfigurationIsVisible = 0;
			defaultConfigurationName = Release;
		};
/* End XCConfigurationList section */
	};
	rootObject = CCF95B6C235EFDCB00FACFAD /* Project object */;
}
