// !$*UTF8*$!
{
	archiveVersion = 1;
	classes = {
	};
	objectVersion = 51;
	objects = {

/* Begin PBXBuildFile section */
		55D15AAF20EE9A762F62D938 /* Pods_ShareEducation.framework in Frameworks */ = {isa = PBXBuildFile; fileRef = F0ABD045D700378177E0FD56 /* Pods_ShareEducation.framework */; };
		CC017DE12377B10F00BF22DC /* HomeTeacherTableCell.swift in Sources */ = {isa = PBXBuildFile; fileRef = CC017DE02377B10F00BF22DC /* HomeTeacherTableCell.swift */; };
		CC017DE32377B1A600BF22DC /* Cell+ReuseIdentifier.swift in Sources */ = {isa = PBXBuildFile; fileRef = CC017DE22377B1A600BF22DC /* Cell+ReuseIdentifier.swift */; };
		CC017DE52377BCDD00BF22DC /* HomeTeacherCollectionCell.swift in Sources */ = {isa = PBXBuildFile; fileRef = CC017DE42377BCDD00BF22DC /* HomeTeacherCollectionCell.swift */; };
		CC017DE72377D23700BF22DC /* TeacherScoreView.swift in Sources */ = {isa = PBXBuildFile; fileRef = CC017DE62377D23700BF22DC /* TeacherScoreView.swift */; };
		CC017DF623781B9A00BF22DC /* HomeCourseCell.swift in Sources */ = {isa = PBXBuildFile; fileRef = CC017DF523781B9A00BF22DC /* HomeCourseCell.swift */; };
		CC0DC490236EF586000D9B80 /* YLSegmentedControl.swift in Sources */ = {isa = PBXBuildFile; fileRef = CC0DC48F236EF586000D9B80 /* YLSegmentedControl.swift */; };
		CC1F87592394AE7D003F9D7F /* User.swift in Sources */ = {isa = PBXBuildFile; fileRef = CC1F87582394AE7D003F9D7F /* User.swift */; };
		CC1F87712394D487003F9D7F /* IJKMediaFramework.framework in Frameworks */ = {isa = PBXBuildFile; fileRef = CC1F87662394D441003F9D7F /* IJKMediaFramework.framework */; };
		CC1F87732394D498003F9D7F /* AudioToolbox.framework in Frameworks */ = {isa = PBXBuildFile; fileRef = CC1F87722394D498003F9D7F /* AudioToolbox.framework */; };
		CC1F87752394D49E003F9D7F /* AVFoundation.framework in Frameworks */ = {isa = PBXBuildFile; fileRef = CC1F87742394D49E003F9D7F /* AVFoundation.framework */; };
		CC1F87772394D4A5003F9D7F /* CoreGraphics.framework in Frameworks */ = {isa = PBXBuildFile; fileRef = CC1F87762394D4A5003F9D7F /* CoreGraphics.framework */; };
		CC1F87792394D4AB003F9D7F /* CoreMedia.framework in Frameworks */ = {isa = PBXBuildFile; fileRef = CC1F87782394D4AB003F9D7F /* CoreMedia.framework */; };
		CC1F877B2394D4B2003F9D7F /* CoreVideo.framework in Frameworks */ = {isa = PBXBuildFile; fileRef = CC1F877A2394D4B2003F9D7F /* CoreVideo.framework */; };
		CC1F877D2394D4BB003F9D7F /* libbz2.1.0.5.tbd in Frameworks */ = {isa = PBXBuildFile; fileRef = CC1F877C2394D4BB003F9D7F /* libbz2.1.0.5.tbd */; };
		CC1F877F2394D4C4003F9D7F /* libz.1.2.8.tbd in Frameworks */ = {isa = PBXBuildFile; fileRef = CC1F877E2394D4C4003F9D7F /* libz.1.2.8.tbd */; };
		CC1F87812394D4CC003F9D7F /* MediaPlayer.framework in Frameworks */ = {isa = PBXBuildFile; fileRef = CC1F87802394D4CC003F9D7F /* MediaPlayer.framework */; };
		CC1F87832394D4D3003F9D7F /* MobileCoreServices.framework in Frameworks */ = {isa = PBXBuildFile; fileRef = CC1F87822394D4D3003F9D7F /* MobileCoreServices.framework */; };
		CC1F87852394D4DB003F9D7F /* OpenGLES.framework in Frameworks */ = {isa = PBXBuildFile; fileRef = CC1F87842394D4DB003F9D7F /* OpenGLES.framework */; };
		CC1F87872394D4E1003F9D7F /* QuartzCore.framework in Frameworks */ = {isa = PBXBuildFile; fileRef = CC1F87862394D4E1003F9D7F /* QuartzCore.framework */; };
		CC1F87892394D4E7003F9D7F /* UIKit.framework in Frameworks */ = {isa = PBXBuildFile; fileRef = CC1F87882394D4E7003F9D7F /* UIKit.framework */; };
		CC1F878B2394D4EF003F9D7F /* VideoToolbox.framework in Frameworks */ = {isa = PBXBuildFile; fileRef = CC1F878A2394D4EF003F9D7F /* VideoToolbox.framework */; };
		CC2D7ADE238500D500D9FD92 /* Teacher.swift in Sources */ = {isa = PBXBuildFile; fileRef = CC2D7ADD238500D500D9FD92 /* Teacher.swift */; };
		CC2D7AE0238528C500D9FD92 /* ListResult.swift in Sources */ = {isa = PBXBuildFile; fileRef = CC2D7ADF238528C500D9FD92 /* ListResult.swift */; };
		CC2D7AE223852FB200D9FD92 /* CourseItem.swift in Sources */ = {isa = PBXBuildFile; fileRef = CC2D7AE123852FB200D9FD92 /* CourseItem.swift */; };
		CC3410592393D2CE00ABA7A5 /* TeacherContentViewController.swift in Sources */ = {isa = PBXBuildFile; fileRef = CC3410572393D2CE00ABA7A5 /* TeacherContentViewController.swift */; };
		CC34105A2393D2CE00ABA7A5 /* TeacherContentViewController.xib in Resources */ = {isa = PBXBuildFile; fileRef = CC3410582393D2CE00ABA7A5 /* TeacherContentViewController.xib */; };
		CC34105D2393D4CC00ABA7A5 /* TeacherHomeCell.swift in Sources */ = {isa = PBXBuildFile; fileRef = CC34105B2393D4CC00ABA7A5 /* TeacherHomeCell.swift */; };
		CC34105E2393D4CC00ABA7A5 /* TeacherHomeCell.xib in Resources */ = {isa = PBXBuildFile; fileRef = CC34105C2393D4CC00ABA7A5 /* TeacherHomeCell.xib */; };
		CC3410612393DC4C00ABA7A5 /* MineTableCell.swift in Sources */ = {isa = PBXBuildFile; fileRef = CC34105F2393DC4C00ABA7A5 /* MineTableCell.swift */; };
		CC3410622393DC4C00ABA7A5 /* MineTableCell.xib in Resources */ = {isa = PBXBuildFile; fileRef = CC3410602393DC4C00ABA7A5 /* MineTableCell.xib */; };
		CC4361082381194F00AF796C /* CourseSectionHeaderView.swift in Sources */ = {isa = PBXBuildFile; fileRef = CC4361072381194F00AF796C /* CourseSectionHeaderView.swift */; };
		CC43610A23811F1600AF796C /* CourseClassCell.swift in Sources */ = {isa = PBXBuildFile; fileRef = CC43610923811F1600AF796C /* CourseClassCell.swift */; };
		CC43610C2381239600AF796C /* CourseBaseCell.swift in Sources */ = {isa = PBXBuildFile; fileRef = CC43610B2381239600AF796C /* CourseBaseCell.swift */; };
		CC4FD27B2376742C00FC803D /* MainTabbarController.swift in Sources */ = {isa = PBXBuildFile; fileRef = CC4FD27A2376742C00FC803D /* MainTabbarController.swift */; };
		CC828FA4238133A8005CEA06 /* MineTableHeaderView.swift in Sources */ = {isa = PBXBuildFile; fileRef = CC828FA3238133A8005CEA06 /* MineTableHeaderView.swift */; };
		CC8AA8B2238CC08D009F94D6 /* Cache+Shared.swift in Sources */ = {isa = PBXBuildFile; fileRef = CC8AA8B1238CC08D009F94D6 /* Cache+Shared.swift */; };
		CC8AA8B4238CCC87009F94D6 /* SplashView.swift in Sources */ = {isa = PBXBuildFile; fileRef = CC8AA8B3238CCC87009F94D6 /* SplashView.swift */; };
		CC8AA8B6238CD247009F94D6 /* String+URLPrefix.swift in Sources */ = {isa = PBXBuildFile; fileRef = CC8AA8B5238CD247009F94D6 /* String+URLPrefix.swift */; };
		CC8AA8B8238CD63F009F94D6 /* WebViewController.swift in Sources */ = {isa = PBXBuildFile; fileRef = CC8AA8B7238CD63F009F94D6 /* WebViewController.swift */; };
		CC8AA8BE238CFCA5009F94D6 /* TeacherDetailViewController.swift in Sources */ = {isa = PBXBuildFile; fileRef = CC8AA8BC238CFCA5009F94D6 /* TeacherDetailViewController.swift */; };
		CC8AA8C3238D14A1009F94D6 /* TeacherDetailInfoCell.swift in Sources */ = {isa = PBXBuildFile; fileRef = CC8AA8C1238D14A1009F94D6 /* TeacherDetailInfoCell.swift */; };
		CC8AA8C4238D14A1009F94D6 /* TeacherDetailInfoCell.xib in Resources */ = {isa = PBXBuildFile; fileRef = CC8AA8C2238D14A1009F94D6 /* TeacherDetailInfoCell.xib */; };
		CC8AA8C7238D32E8009F94D6 /* TeacherDetailSegmentedCell.swift in Sources */ = {isa = PBXBuildFile; fileRef = CC8AA8C5238D32E8009F94D6 /* TeacherDetailSegmentedCell.swift */; };
		CC8AA8C8238D32E8009F94D6 /* TeacherDetailSegmentedCell.xib in Resources */ = {isa = PBXBuildFile; fileRef = CC8AA8C6238D32E8009F94D6 /* TeacherDetailSegmentedCell.xib */; };
		CC97B3B0238651F900F1BFE9 /* city.plist in Resources */ = {isa = PBXBuildFile; fileRef = CC97B3AF238651F900F1BFE9 /* city.plist */; };
		CC97B3B2238651FE00F1BFE9 /* province.plist in Resources */ = {isa = PBXBuildFile; fileRef = CC97B3B1238651FE00F1BFE9 /* province.plist */; };
		CC97B3B623865CD300F1BFE9 /* LoginViewController.swift in Sources */ = {isa = PBXBuildFile; fileRef = CC97B3B523865CD300F1BFE9 /* LoginViewController.swift */; };
		CC97B3B82386696C00F1BFE9 /* BaseLoginViewController.swift in Sources */ = {isa = PBXBuildFile; fileRef = CC97B3B72386696C00F1BFE9 /* BaseLoginViewController.swift */; };
		CC97B3BA238669A900F1BFE9 /* PasswordLoginViewController.swift in Sources */ = {isa = PBXBuildFile; fileRef = CC97B3B9238669A900F1BFE9 /* PasswordLoginViewController.swift */; };
		CC97B3BE238678BD00F1BFE9 /* Optional.swift in Sources */ = {isa = PBXBuildFile; fileRef = CC97B3BD238678BD00F1BFE9 /* Optional.swift */; };
		CC97B3C023867D1C00F1BFE9 /* String+MD5.swift in Sources */ = {isa = PBXBuildFile; fileRef = CC97B3BF23867D1C00F1BFE9 /* String+MD5.swift */; };
		CC97B3C52386870A00F1BFE9 /* ValidateCodeLoginViewController.swift in Sources */ = {isa = PBXBuildFile; fileRef = CC97B3C32386870A00F1BFE9 /* ValidateCodeLoginViewController.swift */; };
		CC97B3C62386870A00F1BFE9 /* ValidateCodeLoginViewController.xib in Resources */ = {isa = PBXBuildFile; fileRef = CC97B3C42386870A00F1BFE9 /* ValidateCodeLoginViewController.xib */; };
		CC98781E2376BFC1004F8F8E /* UIColor+RGB.swift in Sources */ = {isa = PBXBuildFile; fileRef = CC98781D2376BFC1004F8F8E /* UIColor+RGB.swift */; };
		CC9878212376CA4F004F8F8E /* HomeBannerCell.swift in Sources */ = {isa = PBXBuildFile; fileRef = CC9878202376CA4F004F8F8E /* HomeBannerCell.swift */; };
		CC9878232376D188004F8F8E /* HomeContentViewController.swift in Sources */ = {isa = PBXBuildFile; fileRef = CC9878222376D188004F8F8E /* HomeContentViewController.swift */; };
		CC9878252376DAE7004F8F8E /* UIPageViewController+ScrollView.swift in Sources */ = {isa = PBXBuildFile; fileRef = CC9878242376DAE7004F8F8E /* UIPageViewController+ScrollView.swift */; };
		CC9878272376EBC9004F8F8E /* HomeSectionTitleView.swift in Sources */ = {isa = PBXBuildFile; fileRef = CC9878262376EBC9004F8F8E /* HomeSectionTitleView.swift */; };
		CC993FF6238E78180036F8EA /* TeacherDetailCommentCell.swift in Sources */ = {isa = PBXBuildFile; fileRef = CC993FF4238E78180036F8EA /* TeacherDetailCommentCell.swift */; };
		CC993FF7238E78180036F8EA /* TeacherDetailCommentCell.xib in Resources */ = {isa = PBXBuildFile; fileRef = CC993FF5238E78180036F8EA /* TeacherDetailCommentCell.xib */; };
		CC993FF9238E7ABA0036F8EA /* StarRatingView.swift in Sources */ = {isa = PBXBuildFile; fileRef = CC993FF8238E7ABA0036F8EA /* StarRatingView.swift */; };
		CC993FFB238E7CD10036F8EA /* Comment.swift in Sources */ = {isa = PBXBuildFile; fileRef = CC993FFA238E7CD10036F8EA /* Comment.swift */; };
		CC993FFE238E808A0036F8EA /* TeacherDetailDescriptionCell.swift in Sources */ = {isa = PBXBuildFile; fileRef = CC993FFC238E808A0036F8EA /* TeacherDetailDescriptionCell.swift */; };
		CC993FFF238E808A0036F8EA /* TeacherDetailDescriptionCell.xib in Resources */ = {isa = PBXBuildFile; fileRef = CC993FFD238E808A0036F8EA /* TeacherDetailDescriptionCell.xib */; };
		CCB3D9C6235FEE67008E31AE /* TeacherSearchViewController.swift in Sources */ = {isa = PBXBuildFile; fileRef = CCB3D9C5235FEE67008E31AE /* TeacherSearchViewController.swift */; };
		CCB3D9CA235FEF4B008E31AE /* CustomServiceViewController.swift in Sources */ = {isa = PBXBuildFile; fileRef = CCB3D9C9235FEF4B008E31AE /* CustomServiceViewController.swift */; };
		CCB3D9CC235FEF5E008E31AE /* UserInfoViewController.swift in Sources */ = {isa = PBXBuildFile; fileRef = CCB3D9CB235FEF5E008E31AE /* UserInfoViewController.swift */; };
		CCB3D9CE235FEF7B008E31AE /* MyCoursesViewController.swift in Sources */ = {isa = PBXBuildFile; fileRef = CCB3D9CD235FEF7B008E31AE /* MyCoursesViewController.swift */; };
		CCB3D9D0235FEF90008E31AE /* MyFavoriteViewController.swift in Sources */ = {isa = PBXBuildFile; fileRef = CCB3D9CF235FEF90008E31AE /* MyFavoriteViewController.swift */; };
		CCB3D9D7235FF039008E31AE /* GradeSettingViewController.swift in Sources */ = {isa = PBXBuildFile; fileRef = CCB3D9D6235FF039008E31AE /* GradeSettingViewController.swift */; };
		CCB3D9D9235FF052008E31AE /* ShoppingCarViewController.swift in Sources */ = {isa = PBXBuildFile; fileRef = CCB3D9D8235FF052008E31AE /* ShoppingCarViewController.swift */; };
		CCBF46C8237FAD670030AFC1 /* GradeCollectionHeader.swift in Sources */ = {isa = PBXBuildFile; fileRef = CCBF46C7237FAD670030AFC1 /* GradeCollectionHeader.swift */; };
		CCBF46CA237FC20A0030AFC1 /* CustomNavigationBar.swift in Sources */ = {isa = PBXBuildFile; fileRef = CCBF46C9237FC20A0030AFC1 /* CustomNavigationBar.swift */; };
		CCBF46D5237FFAB00030AFC1 /* CalendarFlowLayout.swift in Sources */ = {isa = PBXBuildFile; fileRef = CCBF46CC237FFAAF0030AFC1 /* CalendarFlowLayout.swift */; };
		CCBF46D6237FFAB00030AFC1 /* CalendarHeaderView.swift in Sources */ = {isa = PBXBuildFile; fileRef = CCBF46CD237FFAAF0030AFC1 /* CalendarHeaderView.swift */; };
		CCBF46D7237FFAB00030AFC1 /* CalendarView+Extensions.swift in Sources */ = {isa = PBXBuildFile; fileRef = CCBF46CE237FFAAF0030AFC1 /* CalendarView+Extensions.swift */; };
		CCBF46D8237FFAB00030AFC1 /* CalendarDayCell.swift in Sources */ = {isa = PBXBuildFile; fileRef = CCBF46CF237FFAAF0030AFC1 /* CalendarDayCell.swift */; };
		CCBF46D9237FFAB00030AFC1 /* CalendarView+Style.swift in Sources */ = {isa = PBXBuildFile; fileRef = CCBF46D0237FFAAF0030AFC1 /* CalendarView+Style.swift */; };
		CCBF46DA237FFAB00030AFC1 /* CalendarView+Delegate.swift in Sources */ = {isa = PBXBuildFile; fileRef = CCBF46D1237FFAAF0030AFC1 /* CalendarView+Delegate.swift */; };
		CCBF46DB237FFAB00030AFC1 /* EventsManager.swift in Sources */ = {isa = PBXBuildFile; fileRef = CCBF46D2237FFAAF0030AFC1 /* EventsManager.swift */; };
		CCBF46DC237FFAB00030AFC1 /* CalendarView+DataSource.swift in Sources */ = {isa = PBXBuildFile; fileRef = CCBF46D3237FFAAF0030AFC1 /* CalendarView+DataSource.swift */; };
		CCBF46DD237FFAB00030AFC1 /* CalendarView.swift in Sources */ = {isa = PBXBuildFile; fileRef = CCBF46D4237FFAAF0030AFC1 /* CalendarView.swift */; };
		CCBF46DF237FFC700030AFC1 /* BaseRootViewController.swift in Sources */ = {isa = PBXBuildFile; fileRef = CCBF46DE237FFC700030AFC1 /* BaseRootViewController.swift */; };
		CCBF46E1237FFFCC0030AFC1 /* BaseContentViewController.swift in Sources */ = {isa = PBXBuildFile; fileRef = CCBF46E0237FFFCC0030AFC1 /* BaseContentViewController.swift */; };
		CCBF46E323800BF20030AFC1 /* CourseContentViewController.swift in Sources */ = {isa = PBXBuildFile; fileRef = CCBF46E223800BF20030AFC1 /* CourseContentViewController.swift */; };
		CCBF46E5238017190030AFC1 /* MonthCalendarView.swift in Sources */ = {isa = PBXBuildFile; fileRef = CCBF46E4238017190030AFC1 /* MonthCalendarView.swift */; };
		CCBF46E7238017B90030AFC1 /* UILabel+QuickUI.swift in Sources */ = {isa = PBXBuildFile; fileRef = CCBF46E6238017B90030AFC1 /* UILabel+QuickUI.swift */; };
		CCBF46E9238018C40030AFC1 /* UIButton+QuickUI.swift in Sources */ = {isa = PBXBuildFile; fileRef = CCBF46E8238018C40030AFC1 /* UIButton+QuickUI.swift */; };
		CCC154E4238B9BA7005F29CC /* PixelWidth.swift in Sources */ = {isa = PBXBuildFile; fileRef = CCC154E3238B9BA7005F29CC /* PixelWidth.swift */; };
		CCC154E6238BA449005F29CC /* String+Size.swift in Sources */ = {isa = PBXBuildFile; fileRef = CCC154E5238BA449005F29CC /* String+Size.swift */; };
		CCC4F0FB237BF1FE00FD11D9 /* UIScreen+Bounds.swift in Sources */ = {isa = PBXBuildFile; fileRef = CCC4F0FA237BF1FE00FD11D9 /* UIScreen+Bounds.swift */; };
		CCC4F0FD237BF4BA00FD11D9 /* GradeCollectionCell.swift in Sources */ = {isa = PBXBuildFile; fileRef = CCC4F0FC237BF4BA00FD11D9 /* GradeCollectionCell.swift */; };
		CCD1BC65237C06D800F52069 /* SEService.swift in Sources */ = {isa = PBXBuildFile; fileRef = CCD1BC64237C06D800F52069 /* SEService.swift */; };
		CCD1BC67237C195800F52069 /* Bundle+Info.swift in Sources */ = {isa = PBXBuildFile; fileRef = CCD1BC66237C195800F52069 /* Bundle+Info.swift */; };
		CCDDA1D2238FA26600C28497 /* CourseDetailViewController.swift in Sources */ = {isa = PBXBuildFile; fileRef = CCDDA1D0238FA26600C28497 /* CourseDetailViewController.swift */; };
		CCDDA1D3238FA26600C28497 /* CourseDetailViewController.xib in Resources */ = {isa = PBXBuildFile; fileRef = CCDDA1D1238FA26600C28497 /* CourseDetailViewController.xib */; };
		CCDDA1D6238FA34000C28497 /* CourseDetailCoverCell.swift in Sources */ = {isa = PBXBuildFile; fileRef = CCDDA1D4238FA34000C28497 /* CourseDetailCoverCell.swift */; };
		CCDDA1D7238FA34000C28497 /* CourseDetailCoverCell.xib in Resources */ = {isa = PBXBuildFile; fileRef = CCDDA1D5238FA34000C28497 /* CourseDetailCoverCell.xib */; };
		CCDDA1DA238FA69300C28497 /* CourseDetailDescptionCell.swift in Sources */ = {isa = PBXBuildFile; fileRef = CCDDA1D8238FA69300C28497 /* CourseDetailDescptionCell.swift */; };
		CCDDA1DB238FA69300C28497 /* CourseDetailDescptionCell.xib in Resources */ = {isa = PBXBuildFile; fileRef = CCDDA1D9238FA69300C28497 /* CourseDetailDescptionCell.xib */; };
		CCDDA1DE238FA98E00C28497 /* CourseDetailTeacherCell.swift in Sources */ = {isa = PBXBuildFile; fileRef = CCDDA1DC238FA98E00C28497 /* CourseDetailTeacherCell.swift */; };
		CCDDA1DF238FA98E00C28497 /* CourseDetailTeacherCell.xib in Resources */ = {isa = PBXBuildFile; fileRef = CCDDA1DD238FA98E00C28497 /* CourseDetailTeacherCell.xib */; };
		CCDDA1E1238FAB4500C28497 /* CourseUnitTitleView.swift in Sources */ = {isa = PBXBuildFile; fileRef = CCDDA1E0238FAB4500C28497 /* CourseUnitTitleView.swift */; };
		CCDDA1E4238FACE800C28497 /* CourseDetailUnitCell.swift in Sources */ = {isa = PBXBuildFile; fileRef = CCDDA1E2238FACE800C28497 /* CourseDetailUnitCell.swift */; };
		CCDDA1E5238FACE800C28497 /* CourseDetailUnitCell.xib in Resources */ = {isa = PBXBuildFile; fileRef = CCDDA1E3238FACE800C28497 /* CourseDetailUnitCell.xib */; };
		CCDDA1E7238FAF2300C28497 /* CourseUnitFooterView.swift in Sources */ = {isa = PBXBuildFile; fileRef = CCDDA1E6238FAF2300C28497 /* CourseUnitFooterView.swift */; };
		CCDDA1EA238FB06400C28497 /* CourseDetailUnitDescriptionCell.swift in Sources */ = {isa = PBXBuildFile; fileRef = CCDDA1E8238FB06400C28497 /* CourseDetailUnitDescriptionCell.swift */; };
		CCDDA1EB238FB06400C28497 /* CourseDetailUnitDescriptionCell.xib in Resources */ = {isa = PBXBuildFile; fileRef = CCDDA1E9238FB06400C28497 /* CourseDetailUnitDescriptionCell.xib */; };
		CCDDA1F1238FD24300C28497 /* CourseSbscribeAlertViewController.swift in Sources */ = {isa = PBXBuildFile; fileRef = CCDDA1EF238FD24300C28497 /* CourseSbscribeAlertViewController.swift */; };
		CCDDA1F2238FD24300C28497 /* CourseSbscribeAlertViewController.xib in Resources */ = {isa = PBXBuildFile; fileRef = CCDDA1F0238FD24300C28497 /* CourseSbscribeAlertViewController.xib */; };
		CCE4FCA52382886C00E21139 /* CommonData.swift in Sources */ = {isa = PBXBuildFile; fileRef = CCE4FCA42382886C00E21139 /* CommonData.swift */; };
		CCE4FCA72382969A00E21139 /* ShareData.swift in Sources */ = {isa = PBXBuildFile; fileRef = CCE4FCA62382969A00E21139 /* ShareData.swift */; };
		CCE4FCAA23829D0100E21139 /* ShareSetting.swift in Sources */ = {isa = PBXBuildFile; fileRef = CCE4FCA923829D0100E21139 /* ShareSetting.swift */; };
		CCF38993238A4FDD00F84678 /* RegisterViewController.swift in Sources */ = {isa = PBXBuildFile; fileRef = CCF38991238A4FDD00F84678 /* RegisterViewController.swift */; };
		CCF38994238A4FDD00F84678 /* RegisterViewController.xib in Resources */ = {isa = PBXBuildFile; fileRef = CCF38992238A4FDD00F84678 /* RegisterViewController.xib */; };
		CCF38997238A778400F84678 /* AreaSettingViewController.swift in Sources */ = {isa = PBXBuildFile; fileRef = CCF38995238A778400F84678 /* AreaSettingViewController.swift */; };
		CCF38998238A778400F84678 /* AreaSettingViewController.xib in Resources */ = {isa = PBXBuildFile; fileRef = CCF38996238A778400F84678 /* AreaSettingViewController.xib */; };
		CCF3899B238A8A0D00F84678 /* FindPwdViewController.swift in Sources */ = {isa = PBXBuildFile; fileRef = CCF38999238A8A0D00F84678 /* FindPwdViewController.swift */; };
		CCF3899C238A8A0D00F84678 /* FindPwdViewController.xib in Resources */ = {isa = PBXBuildFile; fileRef = CCF3899A238A8A0D00F84678 /* FindPwdViewController.xib */; };
		CCF95B78235EFDCB00FACFAD /* AppDelegate.swift in Sources */ = {isa = PBXBuildFile; fileRef = CCF95B77235EFDCB00FACFAD /* AppDelegate.swift */; };
		CCF95B7C235EFDCB00FACFAD /* ViewController.swift in Sources */ = {isa = PBXBuildFile; fileRef = CCF95B7B235EFDCB00FACFAD /* ViewController.swift */; };
		CCF95B7F235EFDCB00FACFAD /* Main.storyboard in Resources */ = {isa = PBXBuildFile; fileRef = CCF95B7D235EFDCB00FACFAD /* Main.storyboard */; };
		CCF95B81235EFDCE00FACFAD /* Assets.xcassets in Resources */ = {isa = PBXBuildFile; fileRef = CCF95B80235EFDCE00FACFAD /* Assets.xcassets */; };
		CCF95B84235EFDCE00FACFAD /* LaunchScreen.storyboard in Resources */ = {isa = PBXBuildFile; fileRef = CCF95B82235EFDCE00FACFAD /* LaunchScreen.storyboard */; };
		CCF95B93235F015E00FACFAD /* HomePageViewController.swift in Sources */ = {isa = PBXBuildFile; fileRef = CCF95B92235F015E00FACFAD /* HomePageViewController.swift */; };
		CCF95B95235F02B800FACFAD /* SchoolTimetableViewController.swift in Sources */ = {isa = PBXBuildFile; fileRef = CCF95B94235F02B800FACFAD /* SchoolTimetableViewController.swift */; };
		CCF95B97235F02D300FACFAD /* FamousTeacherViewController.swift in Sources */ = {isa = PBXBuildFile; fileRef = CCF95B96235F02D300FACFAD /* FamousTeacherViewController.swift */; };
		CCF95B99235F02E700FACFAD /* MineViewController.swift in Sources */ = {isa = PBXBuildFile; fileRef = CCF95B98235F02E700FACFAD /* MineViewController.swift */; };
		CCF9B15A2390B32A0065E420 /* SelectCourseViewController.swift in Sources */ = {isa = PBXBuildFile; fileRef = CCF9B1582390B32A0065E420 /* SelectCourseViewController.swift */; };
		CCF9B15B2390B32A0065E420 /* SelectCourseViewController.xib in Resources */ = {isa = PBXBuildFile; fileRef = CCF9B1592390B32A0065E420 /* SelectCourseViewController.xib */; };
		CCF9B15D2390B68D0065E420 /* CourseSelectCell.swift in Sources */ = {isa = PBXBuildFile; fileRef = CCF9B15C2390B68D0065E420 /* CourseSelectCell.swift */; };
		CCF9B15F2390EB0D0065E420 /* PaymentCourseCell.swift in Sources */ = {isa = PBXBuildFile; fileRef = CCF9B15E2390EB0C0065E420 /* PaymentCourseCell.swift */; };
		CCF9B1622390EB2E0065E420 /* PaymentViewController.swift in Sources */ = {isa = PBXBuildFile; fileRef = CCF9B1602390EB2E0065E420 /* PaymentViewController.swift */; };
		CCF9B1632390EB2E0065E420 /* PaymentViewController.xib in Resources */ = {isa = PBXBuildFile; fileRef = CCF9B1612390EB2E0065E420 /* PaymentViewController.xib */; };
		CCF9B1662390F9880065E420 /* PaymentCouponCell.swift in Sources */ = {isa = PBXBuildFile; fileRef = CCF9B1642390F9880065E420 /* PaymentCouponCell.swift */; };
		CCF9B1672390F9880065E420 /* PaymentCouponCell.xib in Resources */ = {isa = PBXBuildFile; fileRef = CCF9B1652390F9880065E420 /* PaymentCouponCell.xib */; };
		CCF9B16A2390F9AE0065E420 /* PaymentPriceDetailCell.swift in Sources */ = {isa = PBXBuildFile; fileRef = CCF9B1682390F9AE0065E420 /* PaymentPriceDetailCell.swift */; };
		CCF9B16B2390F9AE0065E420 /* PaymentPriceDetailCell.xib in Resources */ = {isa = PBXBuildFile; fileRef = CCF9B1692390F9AE0065E420 /* PaymentPriceDetailCell.xib */; };
		CCF9B16E2390F9DD0065E420 /* PaymentPayTypeCell.swift in Sources */ = {isa = PBXBuildFile; fileRef = CCF9B16C2390F9DD0065E420 /* PaymentPayTypeCell.swift */; };
		CCF9B16F2390F9DD0065E420 /* PaymentPayTypeCell.xib in Resources */ = {isa = PBXBuildFile; fileRef = CCF9B16D2390F9DD0065E420 /* PaymentPayTypeCell.xib */; };
		CCF9B17223910B880065E420 /* PaymentSectionHeaderView.swift in Sources */ = {isa = PBXBuildFile; fileRef = CCF9B17123910B880065E420 /* PaymentSectionHeaderView.swift */; };
		CCFFF280239608D600E1E4B0 /* CourseUnit.swift in Sources */ = {isa = PBXBuildFile; fileRef = CCFFF27F239608D600E1E4B0 /* CourseUnit.swift */; };
		CCFFF28A23964CC900E1E4B0 /* PlayerViewController.swift in Sources */ = {isa = PBXBuildFile; fileRef = CCFFF28823964CC900E1E4B0 /* PlayerViewController.swift */; };
		CCFFF28B23964CC900E1E4B0 /* PlayerViewController.xib in Resources */ = {isa = PBXBuildFile; fileRef = CCFFF28923964CC900E1E4B0 /* PlayerViewController.xib */; };
		CCFFF28F23964FC400E1E4B0 /* CoursePlayViewController.swift in Sources */ = {isa = PBXBuildFile; fileRef = CCFFF28D23964FC400E1E4B0 /* CoursePlayViewController.swift */; };
		CCFFF29023964FC400E1E4B0 /* CoursePlayViewController.xib in Resources */ = {isa = PBXBuildFile; fileRef = CCFFF28E23964FC400E1E4B0 /* CoursePlayViewController.xib */; };
		CCFFF29423966FD500E1E4B0 /* CourseUnitViewController.swift in Sources */ = {isa = PBXBuildFile; fileRef = CCFFF29223966FD500E1E4B0 /* CourseUnitViewController.swift */; };
		CCFFF29523966FD500E1E4B0 /* CourseUnitViewController.xib in Resources */ = {isa = PBXBuildFile; fileRef = CCFFF29323966FD500E1E4B0 /* CourseUnitViewController.xib */; };
/* End PBXBuildFile section */

/* Begin PBXContainerItemProxy section */
		CC1F87652394D441003F9D7F /* PBXContainerItemProxy */ = {
			isa = PBXContainerItemProxy;
			containerPortal = CC1F875F2394D441003F9D7F /* IJKMediaPlayer.xcodeproj */;
			proxyType = 2;
			remoteGlobalIDString = E654EA8A1B6B27E600B0F2D0;
			remoteInfo = IJKMediaFramework;
		};
		CC1F87672394D441003F9D7F /* PBXContainerItemProxy */ = {
			isa = PBXContainerItemProxy;
			containerPortal = CC1F875F2394D441003F9D7F /* IJKMediaPlayer.xcodeproj */;
			proxyType = 2;
			remoteGlobalIDString = 5450B0431E63EA4300568494;
			remoteInfo = IJKMediaFrameworkWithSSL;
		};
		CC1F87692394D441003F9D7F /* PBXContainerItemProxy */ = {
			isa = PBXContainerItemProxy;
			containerPortal = CC1F875F2394D441003F9D7F /* IJKMediaPlayer.xcodeproj */;
			proxyType = 2;
			remoteGlobalIDString = E654EA941B6B27E600B0F2D0;
			remoteInfo = IJKMediaFrameworkTests;
		};
		CC1F876C2394D478003F9D7F /* PBXContainerItemProxy */ = {
			isa = PBXContainerItemProxy;
			containerPortal = CC1F875F2394D441003F9D7F /* IJKMediaPlayer.xcodeproj */;
			proxyType = 1;
			remoteGlobalIDString = E654EA891B6B27E600B0F2D0;
			remoteInfo = IJKMediaFramework;
		};
/* End PBXContainerItemProxy section */

/* Begin PBXFileReference section */
		65150237C841E146EE495BBB /* Pods-ShareEducation.release.xcconfig */ = {isa = PBXFileReference; includeInIndex = 1; lastKnownFileType = text.xcconfig; name = "Pods-ShareEducation.release.xcconfig"; path = "Target Support Files/Pods-ShareEducation/Pods-ShareEducation.release.xcconfig"; sourceTree = "<group>"; };
		CC017DE02377B10F00BF22DC /* HomeTeacherTableCell.swift */ = {isa = PBXFileReference; lastKnownFileType = sourcecode.swift; path = HomeTeacherTableCell.swift; sourceTree = "<group>"; };
		CC017DE22377B1A600BF22DC /* Cell+ReuseIdentifier.swift */ = {isa = PBXFileReference; lastKnownFileType = sourcecode.swift; path = "Cell+ReuseIdentifier.swift"; sourceTree = "<group>"; };
		CC017DE42377BCDD00BF22DC /* HomeTeacherCollectionCell.swift */ = {isa = PBXFileReference; lastKnownFileType = sourcecode.swift; path = HomeTeacherCollectionCell.swift; sourceTree = "<group>"; };
		CC017DE62377D23700BF22DC /* TeacherScoreView.swift */ = {isa = PBXFileReference; lastKnownFileType = sourcecode.swift; path = TeacherScoreView.swift; sourceTree = "<group>"; };
		CC017DF523781B9A00BF22DC /* HomeCourseCell.swift */ = {isa = PBXFileReference; lastKnownFileType = sourcecode.swift; path = HomeCourseCell.swift; sourceTree = "<group>"; };
		CC0DC48F236EF586000D9B80 /* YLSegmentedControl.swift */ = {isa = PBXFileReference; lastKnownFileType = sourcecode.swift; path = YLSegmentedControl.swift; sourceTree = "<group>"; };
		CC1F87582394AE7D003F9D7F /* User.swift */ = {isa = PBXFileReference; lastKnownFileType = sourcecode.swift; path = User.swift; sourceTree = "<group>"; };
		CC1F875F2394D441003F9D7F /* IJKMediaPlayer.xcodeproj */ = {isa = PBXFileReference; lastKnownFileType = "wrapper.pb-project"; name = IJKMediaPlayer.xcodeproj; path = "../../../ijkplayer-ios/ios/IJKMediaPlayer/IJKMediaPlayer.xcodeproj"; sourceTree = "<group>"; };
		CC1F87722394D498003F9D7F /* AudioToolbox.framework */ = {isa = PBXFileReference; lastKnownFileType = wrapper.framework; name = AudioToolbox.framework; path = System/Library/Frameworks/AudioToolbox.framework; sourceTree = SDKROOT; };
		CC1F87742394D49E003F9D7F /* AVFoundation.framework */ = {isa = PBXFileReference; lastKnownFileType = wrapper.framework; name = AVFoundation.framework; path = System/Library/Frameworks/AVFoundation.framework; sourceTree = SDKROOT; };
		CC1F87762394D4A5003F9D7F /* CoreGraphics.framework */ = {isa = PBXFileReference; lastKnownFileType = wrapper.framework; name = CoreGraphics.framework; path = System/Library/Frameworks/CoreGraphics.framework; sourceTree = SDKROOT; };
		CC1F87782394D4AB003F9D7F /* CoreMedia.framework */ = {isa = PBXFileReference; lastKnownFileType = wrapper.framework; name = CoreMedia.framework; path = System/Library/Frameworks/CoreMedia.framework; sourceTree = SDKROOT; };
		CC1F877A2394D4B2003F9D7F /* CoreVideo.framework */ = {isa = PBXFileReference; lastKnownFileType = wrapper.framework; name = CoreVideo.framework; path = System/Library/Frameworks/CoreVideo.framework; sourceTree = SDKROOT; };
		CC1F877C2394D4BB003F9D7F /* libbz2.1.0.5.tbd */ = {isa = PBXFileReference; lastKnownFileType = "sourcecode.text-based-dylib-definition"; name = libbz2.1.0.5.tbd; path = usr/lib/libbz2.1.0.5.tbd; sourceTree = SDKROOT; };
		CC1F877E2394D4C4003F9D7F /* libz.1.2.8.tbd */ = {isa = PBXFileReference; lastKnownFileType = "sourcecode.text-based-dylib-definition"; name = libz.1.2.8.tbd; path = usr/lib/libz.1.2.8.tbd; sourceTree = SDKROOT; };
		CC1F87802394D4CC003F9D7F /* MediaPlayer.framework */ = {isa = PBXFileReference; lastKnownFileType = wrapper.framework; name = MediaPlayer.framework; path = System/Library/Frameworks/MediaPlayer.framework; sourceTree = SDKROOT; };
		CC1F87822394D4D3003F9D7F /* MobileCoreServices.framework */ = {isa = PBXFileReference; lastKnownFileType = wrapper.framework; name = MobileCoreServices.framework; path = System/Library/Frameworks/MobileCoreServices.framework; sourceTree = SDKROOT; };
		CC1F87842394D4DB003F9D7F /* OpenGLES.framework */ = {isa = PBXFileReference; lastKnownFileType = wrapper.framework; name = OpenGLES.framework; path = System/Library/Frameworks/OpenGLES.framework; sourceTree = SDKROOT; };
		CC1F87862394D4E1003F9D7F /* QuartzCore.framework */ = {isa = PBXFileReference; lastKnownFileType = wrapper.framework; name = QuartzCore.framework; path = System/Library/Frameworks/QuartzCore.framework; sourceTree = SDKROOT; };
		CC1F87882394D4E7003F9D7F /* UIKit.framework */ = {isa = PBXFileReference; lastKnownFileType = wrapper.framework; name = UIKit.framework; path = System/Library/Frameworks/UIKit.framework; sourceTree = SDKROOT; };
		CC1F878A2394D4EF003F9D7F /* VideoToolbox.framework */ = {isa = PBXFileReference; lastKnownFileType = wrapper.framework; name = VideoToolbox.framework; path = System/Library/Frameworks/VideoToolbox.framework; sourceTree = SDKROOT; };
		CC2D7ADD238500D500D9FD92 /* Teacher.swift */ = {isa = PBXFileReference; lastKnownFileType = sourcecode.swift; path = Teacher.swift; sourceTree = "<group>"; };
		CC2D7ADF238528C500D9FD92 /* ListResult.swift */ = {isa = PBXFileReference; lastKnownFileType = sourcecode.swift; path = ListResult.swift; sourceTree = "<group>"; };
		CC2D7AE123852FB200D9FD92 /* CourseItem.swift */ = {isa = PBXFileReference; lastKnownFileType = sourcecode.swift; path = CourseItem.swift; sourceTree = "<group>"; };
		CC3410572393D2CE00ABA7A5 /* TeacherContentViewController.swift */ = {isa = PBXFileReference; lastKnownFileType = sourcecode.swift; path = TeacherContentViewController.swift; sourceTree = "<group>"; };
		CC3410582393D2CE00ABA7A5 /* TeacherContentViewController.xib */ = {isa = PBXFileReference; lastKnownFileType = file.xib; path = TeacherContentViewController.xib; sourceTree = "<group>"; };
		CC34105B2393D4CC00ABA7A5 /* TeacherHomeCell.swift */ = {isa = PBXFileReference; lastKnownFileType = sourcecode.swift; path = TeacherHomeCell.swift; sourceTree = "<group>"; };
		CC34105C2393D4CC00ABA7A5 /* TeacherHomeCell.xib */ = {isa = PBXFileReference; lastKnownFileType = file.xib; path = TeacherHomeCell.xib; sourceTree = "<group>"; };
		CC34105F2393DC4C00ABA7A5 /* MineTableCell.swift */ = {isa = PBXFileReference; lastKnownFileType = sourcecode.swift; path = MineTableCell.swift; sourceTree = "<group>"; };
		CC3410602393DC4C00ABA7A5 /* MineTableCell.xib */ = {isa = PBXFileReference; lastKnownFileType = file.xib; path = MineTableCell.xib; sourceTree = "<group>"; };
		CC4361072381194F00AF796C /* CourseSectionHeaderView.swift */ = {isa = PBXFileReference; lastKnownFileType = sourcecode.swift; path = CourseSectionHeaderView.swift; sourceTree = "<group>"; };
		CC43610923811F1600AF796C /* CourseClassCell.swift */ = {isa = PBXFileReference; lastKnownFileType = sourcecode.swift; path = CourseClassCell.swift; sourceTree = "<group>"; };
		CC43610B2381239600AF796C /* CourseBaseCell.swift */ = {isa = PBXFileReference; lastKnownFileType = sourcecode.swift; path = CourseBaseCell.swift; sourceTree = "<group>"; };
		CC4FD27A2376742C00FC803D /* MainTabbarController.swift */ = {isa = PBXFileReference; lastKnownFileType = sourcecode.swift; path = MainTabbarController.swift; sourceTree = "<group>"; };
		CC828FA3238133A8005CEA06 /* MineTableHeaderView.swift */ = {isa = PBXFileReference; lastKnownFileType = sourcecode.swift; path = MineTableHeaderView.swift; sourceTree = "<group>"; };
		CC8AA8B1238CC08D009F94D6 /* Cache+Shared.swift */ = {isa = PBXFileReference; lastKnownFileType = sourcecode.swift; path = "Cache+Shared.swift"; sourceTree = "<group>"; };
		CC8AA8B3238CCC87009F94D6 /* SplashView.swift */ = {isa = PBXFileReference; lastKnownFileType = sourcecode.swift; path = SplashView.swift; sourceTree = "<group>"; };
		CC8AA8B5238CD247009F94D6 /* String+URLPrefix.swift */ = {isa = PBXFileReference; lastKnownFileType = sourcecode.swift; path = "String+URLPrefix.swift"; sourceTree = "<group>"; };
		CC8AA8B7238CD63F009F94D6 /* WebViewController.swift */ = {isa = PBXFileReference; lastKnownFileType = sourcecode.swift; path = WebViewController.swift; sourceTree = "<group>"; };
		CC8AA8BC238CFCA5009F94D6 /* TeacherDetailViewController.swift */ = {isa = PBXFileReference; lastKnownFileType = sourcecode.swift; path = TeacherDetailViewController.swift; sourceTree = "<group>"; };
		CC8AA8C1238D14A1009F94D6 /* TeacherDetailInfoCell.swift */ = {isa = PBXFileReference; lastKnownFileType = sourcecode.swift; path = TeacherDetailInfoCell.swift; sourceTree = "<group>"; };
		CC8AA8C2238D14A1009F94D6 /* TeacherDetailInfoCell.xib */ = {isa = PBXFileReference; lastKnownFileType = file.xib; path = TeacherDetailInfoCell.xib; sourceTree = "<group>"; };
		CC8AA8C5238D32E8009F94D6 /* TeacherDetailSegmentedCell.swift */ = {isa = PBXFileReference; lastKnownFileType = sourcecode.swift; path = TeacherDetailSegmentedCell.swift; sourceTree = "<group>"; };
		CC8AA8C6238D32E8009F94D6 /* TeacherDetailSegmentedCell.xib */ = {isa = PBXFileReference; lastKnownFileType = file.xib; path = TeacherDetailSegmentedCell.xib; sourceTree = "<group>"; };
		CC97B3AF238651F900F1BFE9 /* city.plist */ = {isa = PBXFileReference; fileEncoding = 4; lastKnownFileType = text.plist.xml; path = city.plist; sourceTree = "<group>"; };
		CC97B3B1238651FE00F1BFE9 /* province.plist */ = {isa = PBXFileReference; fileEncoding = 4; lastKnownFileType = text.plist.xml; path = province.plist; sourceTree = "<group>"; };
		CC97B3B523865CD300F1BFE9 /* LoginViewController.swift */ = {isa = PBXFileReference; lastKnownFileType = sourcecode.swift; path = LoginViewController.swift; sourceTree = "<group>"; };
		CC97B3B72386696C00F1BFE9 /* BaseLoginViewController.swift */ = {isa = PBXFileReference; lastKnownFileType = sourcecode.swift; path = BaseLoginViewController.swift; sourceTree = "<group>"; };
		CC97B3B9238669A900F1BFE9 /* PasswordLoginViewController.swift */ = {isa = PBXFileReference; lastKnownFileType = sourcecode.swift; path = PasswordLoginViewController.swift; sourceTree = "<group>"; };
		CC97B3BD238678BD00F1BFE9 /* Optional.swift */ = {isa = PBXFileReference; lastKnownFileType = sourcecode.swift; path = Optional.swift; sourceTree = "<group>"; };
		CC97B3BF23867D1C00F1BFE9 /* String+MD5.swift */ = {isa = PBXFileReference; lastKnownFileType = sourcecode.swift; path = "String+MD5.swift"; sourceTree = "<group>"; };
		CC97B3C32386870A00F1BFE9 /* ValidateCodeLoginViewController.swift */ = {isa = PBXFileReference; lastKnownFileType = sourcecode.swift; path = ValidateCodeLoginViewController.swift; sourceTree = "<group>"; };
		CC97B3C42386870A00F1BFE9 /* ValidateCodeLoginViewController.xib */ = {isa = PBXFileReference; lastKnownFileType = file.xib; path = ValidateCodeLoginViewController.xib; sourceTree = "<group>"; };
		CC98781D2376BFC1004F8F8E /* UIColor+RGB.swift */ = {isa = PBXFileReference; fileEncoding = 4; lastKnownFileType = sourcecode.swift; path = "UIColor+RGB.swift"; sourceTree = "<group>"; };
		CC9878202376CA4F004F8F8E /* HomeBannerCell.swift */ = {isa = PBXFileReference; lastKnownFileType = sourcecode.swift; path = HomeBannerCell.swift; sourceTree = "<group>"; };
		CC9878222376D188004F8F8E /* HomeContentViewController.swift */ = {isa = PBXFileReference; lastKnownFileType = sourcecode.swift; path = HomeContentViewController.swift; sourceTree = "<group>"; };
		CC9878242376DAE7004F8F8E /* UIPageViewController+ScrollView.swift */ = {isa = PBXFileReference; lastKnownFileType = sourcecode.swift; path = "UIPageViewController+ScrollView.swift"; sourceTree = "<group>"; };
		CC9878262376EBC9004F8F8E /* HomeSectionTitleView.swift */ = {isa = PBXFileReference; lastKnownFileType = sourcecode.swift; path = HomeSectionTitleView.swift; sourceTree = "<group>"; };
		CC993FF4238E78180036F8EA /* TeacherDetailCommentCell.swift */ = {isa = PBXFileReference; lastKnownFileType = sourcecode.swift; path = TeacherDetailCommentCell.swift; sourceTree = "<group>"; };
		CC993FF5238E78180036F8EA /* TeacherDetailCommentCell.xib */ = {isa = PBXFileReference; lastKnownFileType = file.xib; path = TeacherDetailCommentCell.xib; sourceTree = "<group>"; };
		CC993FF8238E7ABA0036F8EA /* StarRatingView.swift */ = {isa = PBXFileReference; lastKnownFileType = sourcecode.swift; path = StarRatingView.swift; sourceTree = "<group>"; };
		CC993FFA238E7CD10036F8EA /* Comment.swift */ = {isa = PBXFileReference; lastKnownFileType = sourcecode.swift; path = Comment.swift; sourceTree = "<group>"; };
		CC993FFC238E808A0036F8EA /* TeacherDetailDescriptionCell.swift */ = {isa = PBXFileReference; lastKnownFileType = sourcecode.swift; path = TeacherDetailDescriptionCell.swift; sourceTree = "<group>"; };
		CC993FFD238E808A0036F8EA /* TeacherDetailDescriptionCell.xib */ = {isa = PBXFileReference; lastKnownFileType = file.xib; path = TeacherDetailDescriptionCell.xib; sourceTree = "<group>"; };
		CCB3D9C5235FEE67008E31AE /* TeacherSearchViewController.swift */ = {isa = PBXFileReference; lastKnownFileType = sourcecode.swift; path = TeacherSearchViewController.swift; sourceTree = "<group>"; };
		CCB3D9C9235FEF4B008E31AE /* CustomServiceViewController.swift */ = {isa = PBXFileReference; lastKnownFileType = sourcecode.swift; path = CustomServiceViewController.swift; sourceTree = "<group>"; };
		CCB3D9CB235FEF5E008E31AE /* UserInfoViewController.swift */ = {isa = PBXFileReference; lastKnownFileType = sourcecode.swift; path = UserInfoViewController.swift; sourceTree = "<group>"; };
		CCB3D9CD235FEF7B008E31AE /* MyCoursesViewController.swift */ = {isa = PBXFileReference; lastKnownFileType = sourcecode.swift; path = MyCoursesViewController.swift; sourceTree = "<group>"; };
		CCB3D9CF235FEF90008E31AE /* MyFavoriteViewController.swift */ = {isa = PBXFileReference; lastKnownFileType = sourcecode.swift; path = MyFavoriteViewController.swift; sourceTree = "<group>"; };
		CCB3D9D6235FF039008E31AE /* GradeSettingViewController.swift */ = {isa = PBXFileReference; lastKnownFileType = sourcecode.swift; path = GradeSettingViewController.swift; sourceTree = "<group>"; };
		CCB3D9D8235FF052008E31AE /* ShoppingCarViewController.swift */ = {isa = PBXFileReference; lastKnownFileType = sourcecode.swift; path = ShoppingCarViewController.swift; sourceTree = "<group>"; };
		CCBF46C7237FAD670030AFC1 /* GradeCollectionHeader.swift */ = {isa = PBXFileReference; lastKnownFileType = sourcecode.swift; path = GradeCollectionHeader.swift; sourceTree = "<group>"; };
		CCBF46C9237FC20A0030AFC1 /* CustomNavigationBar.swift */ = {isa = PBXFileReference; lastKnownFileType = sourcecode.swift; path = CustomNavigationBar.swift; sourceTree = "<group>"; };
		CCBF46CC237FFAAF0030AFC1 /* CalendarFlowLayout.swift */ = {isa = PBXFileReference; fileEncoding = 4; lastKnownFileType = sourcecode.swift; path = CalendarFlowLayout.swift; sourceTree = "<group>"; };
		CCBF46CD237FFAAF0030AFC1 /* CalendarHeaderView.swift */ = {isa = PBXFileReference; fileEncoding = 4; lastKnownFileType = sourcecode.swift; path = CalendarHeaderView.swift; sourceTree = "<group>"; };
		CCBF46CE237FFAAF0030AFC1 /* CalendarView+Extensions.swift */ = {isa = PBXFileReference; fileEncoding = 4; lastKnownFileType = sourcecode.swift; path = "CalendarView+Extensions.swift"; sourceTree = "<group>"; };
		CCBF46CF237FFAAF0030AFC1 /* CalendarDayCell.swift */ = {isa = PBXFileReference; fileEncoding = 4; lastKnownFileType = sourcecode.swift; path = CalendarDayCell.swift; sourceTree = "<group>"; };
		CCBF46D0237FFAAF0030AFC1 /* CalendarView+Style.swift */ = {isa = PBXFileReference; fileEncoding = 4; lastKnownFileType = sourcecode.swift; path = "CalendarView+Style.swift"; sourceTree = "<group>"; };
		CCBF46D1237FFAAF0030AFC1 /* CalendarView+Delegate.swift */ = {isa = PBXFileReference; fileEncoding = 4; lastKnownFileType = sourcecode.swift; path = "CalendarView+Delegate.swift"; sourceTree = "<group>"; };
		CCBF46D2237FFAAF0030AFC1 /* EventsManager.swift */ = {isa = PBXFileReference; fileEncoding = 4; lastKnownFileType = sourcecode.swift; path = EventsManager.swift; sourceTree = "<group>"; };
		CCBF46D3237FFAAF0030AFC1 /* CalendarView+DataSource.swift */ = {isa = PBXFileReference; fileEncoding = 4; lastKnownFileType = sourcecode.swift; path = "CalendarView+DataSource.swift"; sourceTree = "<group>"; };
		CCBF46D4237FFAAF0030AFC1 /* CalendarView.swift */ = {isa = PBXFileReference; fileEncoding = 4; lastKnownFileType = sourcecode.swift; path = CalendarView.swift; sourceTree = "<group>"; };
		CCBF46DE237FFC700030AFC1 /* BaseRootViewController.swift */ = {isa = PBXFileReference; lastKnownFileType = sourcecode.swift; path = BaseRootViewController.swift; sourceTree = "<group>"; };
		CCBF46E0237FFFCC0030AFC1 /* BaseContentViewController.swift */ = {isa = PBXFileReference; lastKnownFileType = sourcecode.swift; path = BaseContentViewController.swift; sourceTree = "<group>"; };
		CCBF46E223800BF20030AFC1 /* CourseContentViewController.swift */ = {isa = PBXFileReference; lastKnownFileType = sourcecode.swift; path = CourseContentViewController.swift; sourceTree = "<group>"; };
		CCBF46E4238017190030AFC1 /* MonthCalendarView.swift */ = {isa = PBXFileReference; lastKnownFileType = sourcecode.swift; path = MonthCalendarView.swift; sourceTree = "<group>"; };
		CCBF46E6238017B90030AFC1 /* UILabel+QuickUI.swift */ = {isa = PBXFileReference; lastKnownFileType = sourcecode.swift; path = "UILabel+QuickUI.swift"; sourceTree = "<group>"; };
		CCBF46E8238018C40030AFC1 /* UIButton+QuickUI.swift */ = {isa = PBXFileReference; lastKnownFileType = sourcecode.swift; path = "UIButton+QuickUI.swift"; sourceTree = "<group>"; };
		CCC154E3238B9BA7005F29CC /* PixelWidth.swift */ = {isa = PBXFileReference; lastKnownFileType = sourcecode.swift; path = PixelWidth.swift; sourceTree = "<group>"; };
		CCC154E5238BA449005F29CC /* String+Size.swift */ = {isa = PBXFileReference; lastKnownFileType = sourcecode.swift; path = "String+Size.swift"; sourceTree = "<group>"; };
		CCC4F0FA237BF1FE00FD11D9 /* UIScreen+Bounds.swift */ = {isa = PBXFileReference; lastKnownFileType = sourcecode.swift; path = "UIScreen+Bounds.swift"; sourceTree = "<group>"; };
		CCC4F0FC237BF4BA00FD11D9 /* GradeCollectionCell.swift */ = {isa = PBXFileReference; lastKnownFileType = sourcecode.swift; path = GradeCollectionCell.swift; sourceTree = "<group>"; };
		CCD1BC64237C06D800F52069 /* SEService.swift */ = {isa = PBXFileReference; lastKnownFileType = sourcecode.swift; path = SEService.swift; sourceTree = "<group>"; };
		CCD1BC66237C195800F52069 /* Bundle+Info.swift */ = {isa = PBXFileReference; lastKnownFileType = sourcecode.swift; path = "Bundle+Info.swift"; sourceTree = "<group>"; };
		CCDDA1D0238FA26600C28497 /* CourseDetailViewController.swift */ = {isa = PBXFileReference; lastKnownFileType = sourcecode.swift; path = CourseDetailViewController.swift; sourceTree = "<group>"; };
		CCDDA1D1238FA26600C28497 /* CourseDetailViewController.xib */ = {isa = PBXFileReference; lastKnownFileType = file.xib; path = CourseDetailViewController.xib; sourceTree = "<group>"; };
		CCDDA1D4238FA34000C28497 /* CourseDetailCoverCell.swift */ = {isa = PBXFileReference; lastKnownFileType = sourcecode.swift; path = CourseDetailCoverCell.swift; sourceTree = "<group>"; };
		CCDDA1D5238FA34000C28497 /* CourseDetailCoverCell.xib */ = {isa = PBXFileReference; lastKnownFileType = file.xib; path = CourseDetailCoverCell.xib; sourceTree = "<group>"; };
		CCDDA1D8238FA69300C28497 /* CourseDetailDescptionCell.swift */ = {isa = PBXFileReference; lastKnownFileType = sourcecode.swift; path = CourseDetailDescptionCell.swift; sourceTree = "<group>"; };
		CCDDA1D9238FA69300C28497 /* CourseDetailDescptionCell.xib */ = {isa = PBXFileReference; lastKnownFileType = file.xib; path = CourseDetailDescptionCell.xib; sourceTree = "<group>"; };
		CCDDA1DC238FA98E00C28497 /* CourseDetailTeacherCell.swift */ = {isa = PBXFileReference; lastKnownFileType = sourcecode.swift; path = CourseDetailTeacherCell.swift; sourceTree = "<group>"; };
		CCDDA1DD238FA98E00C28497 /* CourseDetailTeacherCell.xib */ = {isa = PBXFileReference; lastKnownFileType = file.xib; path = CourseDetailTeacherCell.xib; sourceTree = "<group>"; };
		CCDDA1E0238FAB4500C28497 /* CourseUnitTitleView.swift */ = {isa = PBXFileReference; lastKnownFileType = sourcecode.swift; path = CourseUnitTitleView.swift; sourceTree = "<group>"; };
		CCDDA1E2238FACE800C28497 /* CourseDetailUnitCell.swift */ = {isa = PBXFileReference; lastKnownFileType = sourcecode.swift; path = CourseDetailUnitCell.swift; sourceTree = "<group>"; };
		CCDDA1E3238FACE800C28497 /* CourseDetailUnitCell.xib */ = {isa = PBXFileReference; lastKnownFileType = file.xib; path = CourseDetailUnitCell.xib; sourceTree = "<group>"; };
		CCDDA1E6238FAF2300C28497 /* CourseUnitFooterView.swift */ = {isa = PBXFileReference; lastKnownFileType = sourcecode.swift; path = CourseUnitFooterView.swift; sourceTree = "<group>"; };
		CCDDA1E8238FB06400C28497 /* CourseDetailUnitDescriptionCell.swift */ = {isa = PBXFileReference; lastKnownFileType = sourcecode.swift; path = CourseDetailUnitDescriptionCell.swift; sourceTree = "<group>"; };
		CCDDA1E9238FB06400C28497 /* CourseDetailUnitDescriptionCell.xib */ = {isa = PBXFileReference; lastKnownFileType = file.xib; path = CourseDetailUnitDescriptionCell.xib; sourceTree = "<group>"; };
		CCDDA1EF238FD24300C28497 /* CourseSbscribeAlertViewController.swift */ = {isa = PBXFileReference; lastKnownFileType = sourcecode.swift; path = CourseSbscribeAlertViewController.swift; sourceTree = "<group>"; };
		CCDDA1F0238FD24300C28497 /* CourseSbscribeAlertViewController.xib */ = {isa = PBXFileReference; lastKnownFileType = file.xib; path = CourseSbscribeAlertViewController.xib; sourceTree = "<group>"; };
		CCE4FCA42382886C00E21139 /* CommonData.swift */ = {isa = PBXFileReference; lastKnownFileType = sourcecode.swift; path = CommonData.swift; sourceTree = "<group>"; };
		CCE4FCA62382969A00E21139 /* ShareData.swift */ = {isa = PBXFileReference; lastKnownFileType = sourcecode.swift; path = ShareData.swift; sourceTree = "<group>"; };
		CCE4FCA923829D0100E21139 /* ShareSetting.swift */ = {isa = PBXFileReference; lastKnownFileType = sourcecode.swift; path = ShareSetting.swift; sourceTree = "<group>"; };
		CCF38991238A4FDD00F84678 /* RegisterViewController.swift */ = {isa = PBXFileReference; lastKnownFileType = sourcecode.swift; path = RegisterViewController.swift; sourceTree = "<group>"; };
		CCF38992238A4FDD00F84678 /* RegisterViewController.xib */ = {isa = PBXFileReference; lastKnownFileType = file.xib; path = RegisterViewController.xib; sourceTree = "<group>"; };
		CCF38995238A778400F84678 /* AreaSettingViewController.swift */ = {isa = PBXFileReference; lastKnownFileType = sourcecode.swift; path = AreaSettingViewController.swift; sourceTree = "<group>"; };
		CCF38996238A778400F84678 /* AreaSettingViewController.xib */ = {isa = PBXFileReference; lastKnownFileType = file.xib; path = AreaSettingViewController.xib; sourceTree = "<group>"; };
		CCF38999238A8A0D00F84678 /* FindPwdViewController.swift */ = {isa = PBXFileReference; lastKnownFileType = sourcecode.swift; path = FindPwdViewController.swift; sourceTree = "<group>"; };
		CCF3899A238A8A0D00F84678 /* FindPwdViewController.xib */ = {isa = PBXFileReference; lastKnownFileType = file.xib; path = FindPwdViewController.xib; sourceTree = "<group>"; };
		CCF95B74235EFDCB00FACFAD /* ShareEducation.app */ = {isa = PBXFileReference; explicitFileType = wrapper.application; includeInIndex = 0; path = ShareEducation.app; sourceTree = BUILT_PRODUCTS_DIR; };
		CCF95B77235EFDCB00FACFAD /* AppDelegate.swift */ = {isa = PBXFileReference; lastKnownFileType = sourcecode.swift; path = AppDelegate.swift; sourceTree = "<group>"; };
		CCF95B79235EFDCB00FACFAD /* SceneDelegate.swift */ = {isa = PBXFileReference; lastKnownFileType = sourcecode.swift; path = SceneDelegate.swift; sourceTree = "<group>"; };
		CCF95B7B235EFDCB00FACFAD /* ViewController.swift */ = {isa = PBXFileReference; lastKnownFileType = sourcecode.swift; path = ViewController.swift; sourceTree = "<group>"; };
		CCF95B7E235EFDCB00FACFAD /* Base */ = {isa = PBXFileReference; lastKnownFileType = file.storyboard; name = Base; path = Base.lproj/Main.storyboard; sourceTree = "<group>"; };
		CCF95B80235EFDCE00FACFAD /* Assets.xcassets */ = {isa = PBXFileReference; lastKnownFileType = folder.assetcatalog; path = Assets.xcassets; sourceTree = "<group>"; };
		CCF95B83235EFDCE00FACFAD /* Base */ = {isa = PBXFileReference; lastKnownFileType = file.storyboard; name = Base; path = Base.lproj/LaunchScreen.storyboard; sourceTree = "<group>"; };
		CCF95B85235EFDCE00FACFAD /* Info.plist */ = {isa = PBXFileReference; lastKnownFileType = text.plist.xml; path = Info.plist; sourceTree = "<group>"; };
		CCF95B92235F015E00FACFAD /* HomePageViewController.swift */ = {isa = PBXFileReference; lastKnownFileType = sourcecode.swift; path = HomePageViewController.swift; sourceTree = "<group>"; };
		CCF95B94235F02B800FACFAD /* SchoolTimetableViewController.swift */ = {isa = PBXFileReference; lastKnownFileType = sourcecode.swift; path = SchoolTimetableViewController.swift; sourceTree = "<group>"; };
		CCF95B96235F02D300FACFAD /* FamousTeacherViewController.swift */ = {isa = PBXFileReference; lastKnownFileType = sourcecode.swift; path = FamousTeacherViewController.swift; sourceTree = "<group>"; };
		CCF95B98235F02E700FACFAD /* MineViewController.swift */ = {isa = PBXFileReference; lastKnownFileType = sourcecode.swift; path = MineViewController.swift; sourceTree = "<group>"; };
		CCF9B1582390B32A0065E420 /* SelectCourseViewController.swift */ = {isa = PBXFileReference; lastKnownFileType = sourcecode.swift; path = SelectCourseViewController.swift; sourceTree = "<group>"; };
		CCF9B1592390B32A0065E420 /* SelectCourseViewController.xib */ = {isa = PBXFileReference; lastKnownFileType = file.xib; path = SelectCourseViewController.xib; sourceTree = "<group>"; };
		CCF9B15C2390B68D0065E420 /* CourseSelectCell.swift */ = {isa = PBXFileReference; lastKnownFileType = sourcecode.swift; path = CourseSelectCell.swift; sourceTree = "<group>"; };
		CCF9B15E2390EB0C0065E420 /* PaymentCourseCell.swift */ = {isa = PBXFileReference; lastKnownFileType = sourcecode.swift; path = PaymentCourseCell.swift; sourceTree = "<group>"; };
		CCF9B1602390EB2E0065E420 /* PaymentViewController.swift */ = {isa = PBXFileReference; lastKnownFileType = sourcecode.swift; path = PaymentViewController.swift; sourceTree = "<group>"; };
		CCF9B1612390EB2E0065E420 /* PaymentViewController.xib */ = {isa = PBXFileReference; lastKnownFileType = file.xib; path = PaymentViewController.xib; sourceTree = "<group>"; };
		CCF9B1642390F9880065E420 /* PaymentCouponCell.swift */ = {isa = PBXFileReference; lastKnownFileType = sourcecode.swift; path = PaymentCouponCell.swift; sourceTree = "<group>"; };
		CCF9B1652390F9880065E420 /* PaymentCouponCell.xib */ = {isa = PBXFileReference; lastKnownFileType = file.xib; path = PaymentCouponCell.xib; sourceTree = "<group>"; };
		CCF9B1682390F9AE0065E420 /* PaymentPriceDetailCell.swift */ = {isa = PBXFileReference; lastKnownFileType = sourcecode.swift; path = PaymentPriceDetailCell.swift; sourceTree = "<group>"; };
		CCF9B1692390F9AE0065E420 /* PaymentPriceDetailCell.xib */ = {isa = PBXFileReference; lastKnownFileType = file.xib; path = PaymentPriceDetailCell.xib; sourceTree = "<group>"; };
		CCF9B16C2390F9DD0065E420 /* PaymentPayTypeCell.swift */ = {isa = PBXFileReference; lastKnownFileType = sourcecode.swift; path = PaymentPayTypeCell.swift; sourceTree = "<group>"; };
		CCF9B16D2390F9DD0065E420 /* PaymentPayTypeCell.xib */ = {isa = PBXFileReference; lastKnownFileType = file.xib; path = PaymentPayTypeCell.xib; sourceTree = "<group>"; };
		CCF9B17123910B880065E420 /* PaymentSectionHeaderView.swift */ = {isa = PBXFileReference; lastKnownFileType = sourcecode.swift; path = PaymentSectionHeaderView.swift; sourceTree = "<group>"; };
		CCFFF27F239608D600E1E4B0 /* CourseUnit.swift */ = {isa = PBXFileReference; lastKnownFileType = sourcecode.swift; path = CourseUnit.swift; sourceTree = "<group>"; };
		CCFFF28823964CC900E1E4B0 /* PlayerViewController.swift */ = {isa = PBXFileReference; lastKnownFileType = sourcecode.swift; path = PlayerViewController.swift; sourceTree = "<group>"; };
		CCFFF28923964CC900E1E4B0 /* PlayerViewController.xib */ = {isa = PBXFileReference; lastKnownFileType = file.xib; path = PlayerViewController.xib; sourceTree = "<group>"; };
		CCFFF28D23964FC400E1E4B0 /* CoursePlayViewController.swift */ = {isa = PBXFileReference; lastKnownFileType = sourcecode.swift; path = CoursePlayViewController.swift; sourceTree = "<group>"; };
		CCFFF28E23964FC400E1E4B0 /* CoursePlayViewController.xib */ = {isa = PBXFileReference; lastKnownFileType = file.xib; path = CoursePlayViewController.xib; sourceTree = "<group>"; };
		CCFFF29223966FD500E1E4B0 /* CourseUnitViewController.swift */ = {isa = PBXFileReference; lastKnownFileType = sourcecode.swift; path = CourseUnitViewController.swift; sourceTree = "<group>"; };
		CCFFF29323966FD500E1E4B0 /* CourseUnitViewController.xib */ = {isa = PBXFileReference; lastKnownFileType = file.xib; path = CourseUnitViewController.xib; sourceTree = "<group>"; };
		F0ABD045D700378177E0FD56 /* Pods_ShareEducation.framework */ = {isa = PBXFileReference; explicitFileType = wrapper.framework; includeInIndex = 0; path = Pods_ShareEducation.framework; sourceTree = BUILT_PRODUCTS_DIR; };
		F229B415CD46AC344FAB7417 /* Pods-ShareEducation.debug.xcconfig */ = {isa = PBXFileReference; includeInIndex = 1; lastKnownFileType = text.xcconfig; name = "Pods-ShareEducation.debug.xcconfig"; path = "Target Support Files/Pods-ShareEducation/Pods-ShareEducation.debug.xcconfig"; sourceTree = "<group>"; };
/* End PBXFileReference section */

/* Begin PBXFrameworksBuildPhase section */
		CCF95B71235EFDCB00FACFAD /* Frameworks */ = {
			isa = PBXFrameworksBuildPhase;
			buildActionMask = 2147483647;
			files = (
				CC1F878B2394D4EF003F9D7F /* VideoToolbox.framework in Frameworks */,
				CC1F87892394D4E7003F9D7F /* UIKit.framework in Frameworks */,
				CC1F87872394D4E1003F9D7F /* QuartzCore.framework in Frameworks */,
				CC1F87852394D4DB003F9D7F /* OpenGLES.framework in Frameworks */,
				CC1F87832394D4D3003F9D7F /* MobileCoreServices.framework in Frameworks */,
				CC1F87812394D4CC003F9D7F /* MediaPlayer.framework in Frameworks */,
				CC1F877F2394D4C4003F9D7F /* libz.1.2.8.tbd in Frameworks */,
				CC1F877D2394D4BB003F9D7F /* libbz2.1.0.5.tbd in Frameworks */,
				CC1F877B2394D4B2003F9D7F /* CoreVideo.framework in Frameworks */,
				CC1F87792394D4AB003F9D7F /* CoreMedia.framework in Frameworks */,
				CC1F87772394D4A5003F9D7F /* CoreGraphics.framework in Frameworks */,
				CC1F87752394D49E003F9D7F /* AVFoundation.framework in Frameworks */,
				CC1F87732394D498003F9D7F /* AudioToolbox.framework in Frameworks */,
				CC1F87712394D487003F9D7F /* IJKMediaFramework.framework in Frameworks */,
				55D15AAF20EE9A762F62D938 /* Pods_ShareEducation.framework in Frameworks */,
			);
			runOnlyForDeploymentPostprocessing = 0;
		};
/* End PBXFrameworksBuildPhase section */

/* Begin PBXGroup section */
		7A2CD48977914E5A0F9524D2 /* Pods */ = {
			isa = PBXGroup;
			children = (
				F229B415CD46AC344FAB7417 /* Pods-ShareEducation.debug.xcconfig */,
				65150237C841E146EE495BBB /* Pods-ShareEducation.release.xcconfig */,
			);
			path = Pods;
			sourceTree = "<group>";
		};
		8BFDA98B1FEC3E6F61474F11 /* Frameworks */ = {
			isa = PBXGroup;
			children = (
				CC1F878A2394D4EF003F9D7F /* VideoToolbox.framework */,
				CC1F87882394D4E7003F9D7F /* UIKit.framework */,
				CC1F87862394D4E1003F9D7F /* QuartzCore.framework */,
				CC1F87842394D4DB003F9D7F /* OpenGLES.framework */,
				CC1F87822394D4D3003F9D7F /* MobileCoreServices.framework */,
				CC1F87802394D4CC003F9D7F /* MediaPlayer.framework */,
				CC1F877E2394D4C4003F9D7F /* libz.1.2.8.tbd */,
				CC1F877C2394D4BB003F9D7F /* libbz2.1.0.5.tbd */,
				CC1F877A2394D4B2003F9D7F /* CoreVideo.framework */,
				CC1F87782394D4AB003F9D7F /* CoreMedia.framework */,
				CC1F87762394D4A5003F9D7F /* CoreGraphics.framework */,
				CC1F87742394D49E003F9D7F /* AVFoundation.framework */,
				CC1F87722394D498003F9D7F /* AudioToolbox.framework */,
				F0ABD045D700378177E0FD56 /* Pods_ShareEducation.framework */,
			);
			name = Frameworks;
			sourceTree = "<group>";
		};
		CC017DE82377D38500BF22DC /* Vendor */ = {
			isa = PBXGroup;
			children = (
				CC1F875F2394D441003F9D7F /* IJKMediaPlayer.xcodeproj */,
				CCBF46CB237FFAAF0030AFC1 /* CalendarView */,
			);
			path = Vendor;
			sourceTree = "<group>";
		};
		CC0DC48E236EF54D000D9B80 /* View */ = {
			isa = PBXGroup;
			children = (
				CC0DC48F236EF586000D9B80 /* YLSegmentedControl.swift */,
				CC017DE62377D23700BF22DC /* TeacherScoreView.swift */,
				CCC4F0FC237BF4BA00FD11D9 /* GradeCollectionCell.swift */,
				CCBF46C7237FAD670030AFC1 /* GradeCollectionHeader.swift */,
				CCBF46C9237FC20A0030AFC1 /* CustomNavigationBar.swift */,
				CCBF46E4238017190030AFC1 /* MonthCalendarView.swift */,
				CC43610B2381239600AF796C /* CourseBaseCell.swift */,
				CC8AA8B3238CCC87009F94D6 /* SplashView.swift */,
				CCF9B15C2390B68D0065E420 /* CourseSelectCell.swift */,
				CCF9B15E2390EB0C0065E420 /* PaymentCourseCell.swift */,
				CCF9B1642390F9880065E420 /* PaymentCouponCell.swift */,
				CCF9B1652390F9880065E420 /* PaymentCouponCell.xib */,
				CCF9B1682390F9AE0065E420 /* PaymentPriceDetailCell.swift */,
				CCF9B1692390F9AE0065E420 /* PaymentPriceDetailCell.xib */,
				CCF9B16C2390F9DD0065E420 /* PaymentPayTypeCell.swift */,
				CCF9B16D2390F9DD0065E420 /* PaymentPayTypeCell.xib */,
				CCF9B17123910B880065E420 /* PaymentSectionHeaderView.swift */,
			);
			path = View;
			sourceTree = "<group>";
		};
		CC1F87572394AE69003F9D7F /* Model */ = {
			isa = PBXGroup;
			children = (
				CC1F87582394AE7D003F9D7F /* User.swift */,
			);
			path = Model;
			sourceTree = "<group>";
		};
		CC1F87602394D441003F9D7F /* Products */ = {
			isa = PBXGroup;
			children = (
				CC1F87662394D441003F9D7F /* IJKMediaFramework.framework */,
				CC1F87682394D441003F9D7F /* IJKMediaFrameworkWithSSL.framework */,
				CC1F876A2394D441003F9D7F /* IJKMediaFrameworkTests.xctest */,
			);
			name = Products;
			sourceTree = "<group>";
		};
		CC4361062381192800AF796C /* View */ = {
			isa = PBXGroup;
			children = (
				CC4361072381194F00AF796C /* CourseSectionHeaderView.swift */,
				CC43610923811F1600AF796C /* CourseClassCell.swift */,
				CCDDA1D4238FA34000C28497 /* CourseDetailCoverCell.swift */,
				CCDDA1D5238FA34000C28497 /* CourseDetailCoverCell.xib */,
				CCDDA1D8238FA69300C28497 /* CourseDetailDescptionCell.swift */,
				CCDDA1D9238FA69300C28497 /* CourseDetailDescptionCell.xib */,
				CCDDA1DC238FA98E00C28497 /* CourseDetailTeacherCell.swift */,
				CCDDA1DD238FA98E00C28497 /* CourseDetailTeacherCell.xib */,
				CCDDA1E0238FAB4500C28497 /* CourseUnitTitleView.swift */,
				CCDDA1E2238FACE800C28497 /* CourseDetailUnitCell.swift */,
				CCDDA1E3238FACE800C28497 /* CourseDetailUnitCell.xib */,
				CCDDA1E6238FAF2300C28497 /* CourseUnitFooterView.swift */,
				CCDDA1E8238FB06400C28497 /* CourseDetailUnitDescriptionCell.swift */,
				CCDDA1E9238FB06400C28497 /* CourseDetailUnitDescriptionCell.xib */,
			);
			path = View;
			sourceTree = "<group>";
		};
		CC828FA223813384005CEA06 /* View */ = {
			isa = PBXGroup;
			children = (
				CC828FA3238133A8005CEA06 /* MineTableHeaderView.swift */,
				CC34105F2393DC4C00ABA7A5 /* MineTableCell.swift */,
				CC3410602393DC4C00ABA7A5 /* MineTableCell.xib */,
			);
			path = View;
			sourceTree = "<group>";
		};
		CC8AA8C0238D147A009F94D6 /* View */ = {
			isa = PBXGroup;
			children = (
				CC993FF8238E7ABA0036F8EA /* StarRatingView.swift */,
				CC8AA8C1238D14A1009F94D6 /* TeacherDetailInfoCell.swift */,
				CC8AA8C2238D14A1009F94D6 /* TeacherDetailInfoCell.xib */,
				CC8AA8C5238D32E8009F94D6 /* TeacherDetailSegmentedCell.swift */,
				CC8AA8C6238D32E8009F94D6 /* TeacherDetailSegmentedCell.xib */,
				CC993FF4238E78180036F8EA /* TeacherDetailCommentCell.swift */,
				CC993FF5238E78180036F8EA /* TeacherDetailCommentCell.xib */,
				CC993FFC238E808A0036F8EA /* TeacherDetailDescriptionCell.swift */,
				CC993FFD238E808A0036F8EA /* TeacherDetailDescriptionCell.xib */,
				CC34105B2393D4CC00ABA7A5 /* TeacherHomeCell.swift */,
				CC34105C2393D4CC00ABA7A5 /* TeacherHomeCell.xib */,
			);
			path = View;
			sourceTree = "<group>";
		};
		CC97B3AE238651EA00F1BFE9 /* Resource */ = {
			isa = PBXGroup;
			children = (
				CC97B3B1238651FE00F1BFE9 /* province.plist */,
				CC97B3AF238651F900F1BFE9 /* city.plist */,
			);
			path = Resource;
			sourceTree = "<group>";
		};
		CC97B3B323865CA600F1BFE9 /* Login */ = {
			isa = PBXGroup;
			children = (
				CC1F87572394AE69003F9D7F /* Model */,
				CC97B3B423865CAD00F1BFE9 /* Controller */,
			);
			path = Login;
			sourceTree = "<group>";
		};
		CC97B3B423865CAD00F1BFE9 /* Controller */ = {
			isa = PBXGroup;
			children = (
				CC97B3B523865CD300F1BFE9 /* LoginViewController.swift */,
				CC97B3B72386696C00F1BFE9 /* BaseLoginViewController.swift */,
				CC97B3B9238669A900F1BFE9 /* PasswordLoginViewController.swift */,
				CC97B3C32386870A00F1BFE9 /* ValidateCodeLoginViewController.swift */,
				CC97B3C42386870A00F1BFE9 /* ValidateCodeLoginViewController.xib */,
				CCF38991238A4FDD00F84678 /* RegisterViewController.swift */,
				CCF38992238A4FDD00F84678 /* RegisterViewController.xib */,
				CCF38999238A8A0D00F84678 /* FindPwdViewController.swift */,
				CCF3899A238A8A0D00F84678 /* FindPwdViewController.xib */,
			);
			path = Controller;
			sourceTree = "<group>";
		};
		CC98781C2376BFAE004F8F8E /* Extensions */ = {
			isa = PBXGroup;
			children = (
				CC98781D2376BFC1004F8F8E /* UIColor+RGB.swift */,
				CC9878242376DAE7004F8F8E /* UIPageViewController+ScrollView.swift */,
				CC017DE22377B1A600BF22DC /* Cell+ReuseIdentifier.swift */,
				CCC4F0FA237BF1FE00FD11D9 /* UIScreen+Bounds.swift */,
				CCD1BC66237C195800F52069 /* Bundle+Info.swift */,
				CCBF46E6238017B90030AFC1 /* UILabel+QuickUI.swift */,
				CCBF46E8238018C40030AFC1 /* UIButton+QuickUI.swift */,
				CC97B3BD238678BD00F1BFE9 /* Optional.swift */,
				CC97B3BF23867D1C00F1BFE9 /* String+MD5.swift */,
				CCC154E3238B9BA7005F29CC /* PixelWidth.swift */,
				CCC154E5238BA449005F29CC /* String+Size.swift */,
				CC8AA8B1238CC08D009F94D6 /* Cache+Shared.swift */,
				CC8AA8B5238CD247009F94D6 /* String+URLPrefix.swift */,
			);
			path = Extensions;
			sourceTree = "<group>";
		};
		CC98781F2376CA36004F8F8E /* View */ = {
			isa = PBXGroup;
			children = (
				CC9878202376CA4F004F8F8E /* HomeBannerCell.swift */,
				CC9878262376EBC9004F8F8E /* HomeSectionTitleView.swift */,
				CC017DE02377B10F00BF22DC /* HomeTeacherTableCell.swift */,
				CC017DE42377BCDD00BF22DC /* HomeTeacherCollectionCell.swift */,
				CC017DF523781B9A00BF22DC /* HomeCourseCell.swift */,
			);
			path = View;
			sourceTree = "<group>";
		};
		CCB3D9D1235FEFA7008E31AE /* Controller */ = {
			isa = PBXGroup;
			children = (
				CCB3D9D6235FF039008E31AE /* GradeSettingViewController.swift */,
				CCB3D9D8235FF052008E31AE /* ShoppingCarViewController.swift */,
				CC4FD27A2376742C00FC803D /* MainTabbarController.swift */,
				CCBF46DE237FFC700030AFC1 /* BaseRootViewController.swift */,
				CCBF46E0237FFFCC0030AFC1 /* BaseContentViewController.swift */,
				CCF38995238A778400F84678 /* AreaSettingViewController.swift */,
				CCF38996238A778400F84678 /* AreaSettingViewController.xib */,
				CC8AA8B7238CD63F009F94D6 /* WebViewController.swift */,
				CCF9B1582390B32A0065E420 /* SelectCourseViewController.swift */,
				CCF9B1592390B32A0065E420 /* SelectCourseViewController.xib */,
				CCF9B1602390EB2E0065E420 /* PaymentViewController.swift */,
				CCF9B1612390EB2E0065E420 /* PaymentViewController.xib */,
			);
			path = Controller;
			sourceTree = "<group>";
		};
		CCBF46CB237FFAAF0030AFC1 /* CalendarView */ = {
			isa = PBXGroup;
			children = (
				CCBF46CC237FFAAF0030AFC1 /* CalendarFlowLayout.swift */,
				CCBF46CD237FFAAF0030AFC1 /* CalendarHeaderView.swift */,
				CCBF46CE237FFAAF0030AFC1 /* CalendarView+Extensions.swift */,
				CCBF46CF237FFAAF0030AFC1 /* CalendarDayCell.swift */,
				CCBF46D0237FFAAF0030AFC1 /* CalendarView+Style.swift */,
				CCBF46D1237FFAAF0030AFC1 /* CalendarView+Delegate.swift */,
				CCBF46D2237FFAAF0030AFC1 /* EventsManager.swift */,
				CCBF46D3237FFAAF0030AFC1 /* CalendarView+DataSource.swift */,
				CCBF46D4237FFAAF0030AFC1 /* CalendarView.swift */,
			);
			path = CalendarView;
			sourceTree = "<group>";
		};
		CCC4F0FE237BFC6300FD11D9 /* HTTPAPI */ = {
			isa = PBXGroup;
			children = (
				CCD1BC64237C06D800F52069 /* SEService.swift */,
				CCE4FCA42382886C00E21139 /* CommonData.swift */,
				CC2D7ADF238528C500D9FD92 /* ListResult.swift */,
				CC2D7ADD238500D500D9FD92 /* Teacher.swift */,
				CC2D7AE123852FB200D9FD92 /* CourseItem.swift */,
				CCFFF27F239608D600E1E4B0 /* CourseUnit.swift */,
				CC993FFA238E7CD10036F8EA /* Comment.swift */,
			);
			path = HTTPAPI;
			sourceTree = "<group>";
		};
		CCE4FCA823829C4A00E21139 /* Model */ = {
			isa = PBXGroup;
			children = (
				CCE4FCA62382969A00E21139 /* ShareData.swift */,
				CCE4FCA923829D0100E21139 /* ShareSetting.swift */,
			);
			path = Model;
			sourceTree = "<group>";
		};
		CCF95B6B235EFDCA00FACFAD = {
			isa = PBXGroup;
			children = (
				CCF95B76235EFDCB00FACFAD /* ShareEducation */,
				CCF95B75235EFDCB00FACFAD /* Products */,
				7A2CD48977914E5A0F9524D2 /* Pods */,
				8BFDA98B1FEC3E6F61474F11 /* Frameworks */,
			);
			sourceTree = "<group>";
		};
		CCF95B75235EFDCB00FACFAD /* Products */ = {
			isa = PBXGroup;
			children = (
				CCF95B74235EFDCB00FACFAD /* ShareEducation.app */,
			);
			name = Products;
			sourceTree = "<group>";
		};
		CCF95B76235EFDCB00FACFAD /* ShareEducation */ = {
			isa = PBXGroup;
			children = (
				CC017DE82377D38500BF22DC /* Vendor */,
				CCF95B8B235F00D800FACFAD /* Classes */,
				CC97B3AE238651EA00F1BFE9 /* Resource */,
				CCF95B77235EFDCB00FACFAD /* AppDelegate.swift */,
				CCF95B79235EFDCB00FACFAD /* SceneDelegate.swift */,
				CCF95B7B235EFDCB00FACFAD /* ViewController.swift */,
				CCF95B7D235EFDCB00FACFAD /* Main.storyboard */,
				CCF95B80235EFDCE00FACFAD /* Assets.xcassets */,
				CCF95B82235EFDCE00FACFAD /* LaunchScreen.storyboard */,
				CCF95B85235EFDCE00FACFAD /* Info.plist */,
			);
			path = ShareEducation;
			sourceTree = "<group>";
		};
		CCF95B8B235F00D800FACFAD /* Classes */ = {
			isa = PBXGroup;
			children = (
				CCFFF28423964CA800E1E4B0 /* Player */,
				CC97B3B323865CA600F1BFE9 /* Login */,
				CCF95B90235F013800FACFAD /* Homepage */,
				CCF95B8F235F010A00FACFAD /* SchoolTimetable */,
				CCF95B8E235F00FD00FACFAD /* FamousTeacher */,
				CCF95B8D235F00F700FACFAD /* Mine */,
				CCF95B8C235F00E600FACFAD /* Common */,
			);
			path = Classes;
			sourceTree = "<group>";
		};
		CCF95B8C235F00E600FACFAD /* Common */ = {
			isa = PBXGroup;
			children = (
				CCE4FCA823829C4A00E21139 /* Model */,
				CCC4F0FE237BFC6300FD11D9 /* HTTPAPI */,
				CC98781C2376BFAE004F8F8E /* Extensions */,
				CC0DC48E236EF54D000D9B80 /* View */,
				CCB3D9D1235FEFA7008E31AE /* Controller */,
			);
			path = Common;
			sourceTree = "<group>";
		};
		CCF95B8D235F00F700FACFAD /* Mine */ = {
			isa = PBXGroup;
			children = (
				CC828FA223813384005CEA06 /* View */,
				CCF95B9C235F035500FACFAD /* Controller */,
			);
			path = Mine;
			sourceTree = "<group>";
		};
		CCF95B8E235F00FD00FACFAD /* FamousTeacher */ = {
			isa = PBXGroup;
			children = (
				CC8AA8C0238D147A009F94D6 /* View */,
				CCF95B9B235F034B00FACFAD /* Controller */,
			);
			path = FamousTeacher;
			sourceTree = "<group>";
		};
		CCF95B8F235F010A00FACFAD /* SchoolTimetable */ = {
			isa = PBXGroup;
			children = (
				CC4361062381192800AF796C /* View */,
				CCF95B9A235F034300FACFAD /* Controller */,
			);
			path = SchoolTimetable;
			sourceTree = "<group>";
		};
		CCF95B90235F013800FACFAD /* Homepage */ = {
			isa = PBXGroup;
			children = (
				CC98781F2376CA36004F8F8E /* View */,
				CCF95B91235F014900FACFAD /* Controller */,
			);
			path = Homepage;
			sourceTree = "<group>";
		};
		CCF95B91235F014900FACFAD /* Controller */ = {
			isa = PBXGroup;
			children = (
				CCF95B92235F015E00FACFAD /* HomePageViewController.swift */,
				CC9878222376D188004F8F8E /* HomeContentViewController.swift */,
			);
			path = Controller;
			sourceTree = "<group>";
		};
		CCF95B9A235F034300FACFAD /* Controller */ = {
			isa = PBXGroup;
			children = (
				CCF95B94235F02B800FACFAD /* SchoolTimetableViewController.swift */,
				CCBF46E223800BF20030AFC1 /* CourseContentViewController.swift */,
				CCDDA1D0238FA26600C28497 /* CourseDetailViewController.swift */,
				CCDDA1D1238FA26600C28497 /* CourseDetailViewController.xib */,
				CCFFF29223966FD500E1E4B0 /* CourseUnitViewController.swift */,
				CCFFF29323966FD500E1E4B0 /* CourseUnitViewController.xib */,
				CCDDA1EF238FD24300C28497 /* CourseSbscribeAlertViewController.swift */,
				CCDDA1F0238FD24300C28497 /* CourseSbscribeAlertViewController.xib */,
				CCFFF28D23964FC400E1E4B0 /* CoursePlayViewController.swift */,
				CCFFF28E23964FC400E1E4B0 /* CoursePlayViewController.xib */,
			);
			path = Controller;
			sourceTree = "<group>";
		};
		CCF95B9B235F034B00FACFAD /* Controller */ = {
			isa = PBXGroup;
			children = (
				CCF95B96235F02D300FACFAD /* FamousTeacherViewController.swift */,
				CC3410572393D2CE00ABA7A5 /* TeacherContentViewController.swift */,
				CC3410582393D2CE00ABA7A5 /* TeacherContentViewController.xib */,
				CCB3D9C5235FEE67008E31AE /* TeacherSearchViewController.swift */,
				CC8AA8BC238CFCA5009F94D6 /* TeacherDetailViewController.swift */,
			);
			path = Controller;
			sourceTree = "<group>";
		};
		CCF95B9C235F035500FACFAD /* Controller */ = {
			isa = PBXGroup;
			children = (
				CCF95B98235F02E700FACFAD /* MineViewController.swift */,
				CCB3D9C9235FEF4B008E31AE /* CustomServiceViewController.swift */,
				CCB3D9CB235FEF5E008E31AE /* UserInfoViewController.swift */,
				CCB3D9CD235FEF7B008E31AE /* MyCoursesViewController.swift */,
				CCB3D9CF235FEF90008E31AE /* MyFavoriteViewController.swift */,
			);
			path = Controller;
			sourceTree = "<group>";
		};
		CCFFF28423964CA800E1E4B0 /* Player */ = {
			isa = PBXGroup;
			children = (
				CCFFF28C23964CCE00E1E4B0 /* View */,
				CCFFF28723964CAF00E1E4B0 /* Controller */,
			);
			path = Player;
			sourceTree = "<group>";
		};
		CCFFF28723964CAF00E1E4B0 /* Controller */ = {
			isa = PBXGroup;
			children = (
				CCFFF28823964CC900E1E4B0 /* PlayerViewController.swift */,
				CCFFF28923964CC900E1E4B0 /* PlayerViewController.xib */,
			);
			path = Controller;
			sourceTree = "<group>";
		};
		CCFFF28C23964CCE00E1E4B0 /* View */ = {
			isa = PBXGroup;
			children = (
			);
			path = View;
			sourceTree = "<group>";
		};
/* End PBXGroup section */

/* Begin PBXNativeTarget section */
		CCF95B73235EFDCB00FACFAD /* ShareEducation */ = {
			isa = PBXNativeTarget;
			buildConfigurationList = CCF95B88235EFDCE00FACFAD /* Build configuration list for PBXNativeTarget "ShareEducation" */;
			buildPhases = (
				667DE8D54DD77DE17269A099 /* [CP] Check Pods Manifest.lock */,
				CCF95B70235EFDCB00FACFAD /* Sources */,
				CCF95B71235EFDCB00FACFAD /* Frameworks */,
				CCF95B72235EFDCB00FACFAD /* Resources */,
				CC559B277B75F64959BF4A8A /* [CP] Embed Pods Frameworks */,
			);
			buildRules = (
			);
			dependencies = (
				CC1F876D2394D478003F9D7F /* PBXTargetDependency */,
			);
			name = ShareEducation;
			productName = ShareEducation;
			productReference = CCF95B74235EFDCB00FACFAD /* ShareEducation.app */;
			productType = "com.apple.product-type.application";
		};
/* End PBXNativeTarget section */

/* Begin PBXProject section */
		CCF95B6C235EFDCB00FACFAD /* Project object */ = {
			isa = PBXProject;
			attributes = {
				LastSwiftUpdateCheck = 1110;
				LastUpgradeCheck = 1110;
				ORGANIZATIONNAME = "严明俊";
				TargetAttributes = {
					CCF95B73235EFDCB00FACFAD = {
						CreatedOnToolsVersion = 11.1;
					};
				};
			};
			buildConfigurationList = CCF95B6F235EFDCB00FACFAD /* Build configuration list for PBXProject "ShareEducation" */;
			compatibilityVersion = "Xcode 9.3";
			developmentRegion = en;
			hasScannedForEncodings = 0;
			knownRegions = (
				en,
				Base,
			);
			mainGroup = CCF95B6B235EFDCA00FACFAD;
			productRefGroup = CCF95B75235EFDCB00FACFAD /* Products */;
			projectDirPath = "";
			projectReferences = (
				{
					ProductGroup = CC1F87602394D441003F9D7F /* Products */;
					ProjectRef = CC1F875F2394D441003F9D7F /* IJKMediaPlayer.xcodeproj */;
				},
			);
			projectRoot = "";
			targets = (
				CCF95B73235EFDCB00FACFAD /* ShareEducation */,
			);
		};
/* End PBXProject section */

/* Begin PBXReferenceProxy section */
		CC1F87662394D441003F9D7F /* IJKMediaFramework.framework */ = {
			isa = PBXReferenceProxy;
			fileType = wrapper.framework;
			path = IJKMediaFramework.framework;
			remoteRef = CC1F87652394D441003F9D7F /* PBXContainerItemProxy */;
			sourceTree = BUILT_PRODUCTS_DIR;
		};
		CC1F87682394D441003F9D7F /* IJKMediaFrameworkWithSSL.framework */ = {
			isa = PBXReferenceProxy;
			fileType = wrapper.framework;
			path = IJKMediaFrameworkWithSSL.framework;
			remoteRef = CC1F87672394D441003F9D7F /* PBXContainerItemProxy */;
			sourceTree = BUILT_PRODUCTS_DIR;
		};
		CC1F876A2394D441003F9D7F /* IJKMediaFrameworkTests.xctest */ = {
			isa = PBXReferenceProxy;
			fileType = wrapper.cfbundle;
			path = IJKMediaFrameworkTests.xctest;
			remoteRef = CC1F87692394D441003F9D7F /* PBXContainerItemProxy */;
			sourceTree = BUILT_PRODUCTS_DIR;
		};
/* End PBXReferenceProxy section */

/* Begin PBXResourcesBuildPhase section */
		CCF95B72235EFDCB00FACFAD /* Resources */ = {
			isa = PBXResourcesBuildPhase;
			buildActionMask = 2147483647;
			files = (
				CCF95B84235EFDCE00FACFAD /* LaunchScreen.storyboard in Resources */,
				CCDDA1E5238FACE800C28497 /* CourseDetailUnitCell.xib in Resources */,
				CCDDA1EB238FB06400C28497 /* CourseDetailUnitDescriptionCell.xib in Resources */,
				CCDDA1F2238FD24300C28497 /* CourseSbscribeAlertViewController.xib in Resources */,
				CC97B3B0238651F900F1BFE9 /* city.plist in Resources */,
				CCF95B81235EFDCE00FACFAD /* Assets.xcassets in Resources */,
				CCDDA1DF238FA98E00C28497 /* CourseDetailTeacherCell.xib in Resources */,
				CCF9B16F2390F9DD0065E420 /* PaymentPayTypeCell.xib in Resources */,
				CCF9B16B2390F9AE0065E420 /* PaymentPriceDetailCell.xib in Resources */,
				CC993FFF238E808A0036F8EA /* TeacherDetailDescriptionCell.xib in Resources */,
				CCF9B1672390F9880065E420 /* PaymentCouponCell.xib in Resources */,
				CCF95B7F235EFDCB00FACFAD /* Main.storyboard in Resources */,
				CCF9B1632390EB2E0065E420 /* PaymentViewController.xib in Resources */,
				CCF3899C238A8A0D00F84678 /* FindPwdViewController.xib in Resources */,
				CCDDA1D3238FA26600C28497 /* CourseDetailViewController.xib in Resources */,
				CC8AA8C8238D32E8009F94D6 /* TeacherDetailSegmentedCell.xib in Resources */,
				CC34105A2393D2CE00ABA7A5 /* TeacherContentViewController.xib in Resources */,
				CCFFF28B23964CC900E1E4B0 /* PlayerViewController.xib in Resources */,
				CCDDA1D7238FA34000C28497 /* CourseDetailCoverCell.xib in Resources */,
				CC8AA8C4238D14A1009F94D6 /* TeacherDetailInfoCell.xib in Resources */,
				CC3410622393DC4C00ABA7A5 /* MineTableCell.xib in Resources */,
				CC97B3B2238651FE00F1BFE9 /* province.plist in Resources */,
				CCDDA1DB238FA69300C28497 /* CourseDetailDescptionCell.xib in Resources */,
				CC97B3C62386870A00F1BFE9 /* ValidateCodeLoginViewController.xib in Resources */,
				CC34105E2393D4CC00ABA7A5 /* TeacherHomeCell.xib in Resources */,
				CCF9B15B2390B32A0065E420 /* SelectCourseViewController.xib in Resources */,
				CCF38994238A4FDD00F84678 /* RegisterViewController.xib in Resources */,
				CCFFF29023964FC400E1E4B0 /* CoursePlayViewController.xib in Resources */,
				CCF38998238A778400F84678 /* AreaSettingViewController.xib in Resources */,
				CC993FF7238E78180036F8EA /* TeacherDetailCommentCell.xib in Resources */,
				CCFFF29523966FD500E1E4B0 /* CourseUnitViewController.xib in Resources */,
			);
			runOnlyForDeploymentPostprocessing = 0;
		};
/* End PBXResourcesBuildPhase section */

/* Begin PBXShellScriptBuildPhase section */
		667DE8D54DD77DE17269A099 /* [CP] Check Pods Manifest.lock */ = {
			isa = PBXShellScriptBuildPhase;
			buildActionMask = 2147483647;
			files = (
			);
			inputFileListPaths = (
			);
			inputPaths = (
				"${PODS_PODFILE_DIR_PATH}/Podfile.lock",
				"${PODS_ROOT}/Manifest.lock",
			);
			name = "[CP] Check Pods Manifest.lock";
			outputFileListPaths = (
			);
			outputPaths = (
				"$(DERIVED_FILE_DIR)/Pods-ShareEducation-checkManifestLockResult.txt",
			);
			runOnlyForDeploymentPostprocessing = 0;
			shellPath = /bin/sh;
			shellScript = "diff \"${PODS_PODFILE_DIR_PATH}/Podfile.lock\" \"${PODS_ROOT}/Manifest.lock\" > /dev/null\nif [ $? != 0 ] ; then\n    # print error to STDERR\n    echo \"error: The sandbox is not in sync with the Podfile.lock. Run 'pod install' or update your CocoaPods installation.\" >&2\n    exit 1\nfi\n# This output is used by Xcode 'outputs' to avoid re-running this script phase.\necho \"SUCCESS\" > \"${SCRIPT_OUTPUT_FILE_0}\"\n";
			showEnvVarsInLog = 0;
		};
		CC559B277B75F64959BF4A8A /* [CP] Embed Pods Frameworks */ = {
			isa = PBXShellScriptBuildPhase;
			buildActionMask = 2147483647;
			files = (
			);
			inputFileListPaths = (
				"${PODS_ROOT}/Target Support Files/Pods-ShareEducation/Pods-ShareEducation-frameworks-${CONFIGURATION}-input-files.xcfilelist",
			);
			name = "[CP] Embed Pods Frameworks";
			outputFileListPaths = (
				"${PODS_ROOT}/Target Support Files/Pods-ShareEducation/Pods-ShareEducation-frameworks-${CONFIGURATION}-output-files.xcfilelist",
			);
			runOnlyForDeploymentPostprocessing = 0;
			shellPath = /bin/sh;
			shellScript = "\"${PODS_ROOT}/Target Support Files/Pods-ShareEducation/Pods-ShareEducation-frameworks.sh\"\n";
			showEnvVarsInLog = 0;
		};
/* End PBXShellScriptBuildPhase section */

/* Begin PBXSourcesBuildPhase section */
		CCF95B70235EFDCB00FACFAD /* Sources */ = {
			isa = PBXSourcesBuildPhase;
			buildActionMask = 2147483647;
			files = (
				CCDDA1D6238FA34000C28497 /* CourseDetailCoverCell.swift in Sources */,
				CCBF46E323800BF20030AFC1 /* CourseContentViewController.swift in Sources */,
				CC97B3BE238678BD00F1BFE9 /* Optional.swift in Sources */,
				CC3410592393D2CE00ABA7A5 /* TeacherContentViewController.swift in Sources */,
				CC017DE12377B10F00BF22DC /* HomeTeacherTableCell.swift in Sources */,
				CCB3D9CC235FEF5E008E31AE /* UserInfoViewController.swift in Sources */,
				CCF95B93235F015E00FACFAD /* HomePageViewController.swift in Sources */,
				CCBF46CA237FC20A0030AFC1 /* CustomNavigationBar.swift in Sources */,
				CC2D7AE0238528C500D9FD92 /* ListResult.swift in Sources */,
				CCBF46DA237FFAB00030AFC1 /* CalendarView+Delegate.swift in Sources */,
				CCB3D9D7235FF039008E31AE /* GradeSettingViewController.swift in Sources */,
				CCDDA1F1238FD24300C28497 /* CourseSbscribeAlertViewController.swift in Sources */,
				CCE4FCA72382969A00E21139 /* ShareData.swift in Sources */,
				CCC4F0FB237BF1FE00FD11D9 /* UIScreen+Bounds.swift in Sources */,
				CC8AA8C7238D32E8009F94D6 /* TeacherDetailSegmentedCell.swift in Sources */,
				CCDDA1E1238FAB4500C28497 /* CourseUnitTitleView.swift in Sources */,
				CCE4FCA52382886C00E21139 /* CommonData.swift in Sources */,
				CCF9B17223910B880065E420 /* PaymentSectionHeaderView.swift in Sources */,
				CC8AA8B4238CCC87009F94D6 /* SplashView.swift in Sources */,
				CC4361082381194F00AF796C /* CourseSectionHeaderView.swift in Sources */,
				CC97B3C52386870A00F1BFE9 /* ValidateCodeLoginViewController.swift in Sources */,
				CCBF46D5237FFAB00030AFC1 /* CalendarFlowLayout.swift in Sources */,
				CC2D7AE223852FB200D9FD92 /* CourseItem.swift in Sources */,
				CC98781E2376BFC1004F8F8E /* UIColor+RGB.swift in Sources */,
				CCBF46E9238018C40030AFC1 /* UIButton+QuickUI.swift in Sources */,
				CCBF46D9237FFAB00030AFC1 /* CalendarView+Style.swift in Sources */,
				CCF9B15A2390B32A0065E420 /* SelectCourseViewController.swift in Sources */,
				CCFFF28F23964FC400E1E4B0 /* CoursePlayViewController.swift in Sources */,
				CCB3D9CE235FEF7B008E31AE /* MyCoursesViewController.swift in Sources */,
				CC1F87592394AE7D003F9D7F /* User.swift in Sources */,
				CCDDA1EA238FB06400C28497 /* CourseDetailUnitDescriptionCell.swift in Sources */,
				CCBF46D8237FFAB00030AFC1 /* CalendarDayCell.swift in Sources */,
				CC8AA8BE238CFCA5009F94D6 /* TeacherDetailViewController.swift in Sources */,
				CCC154E4238B9BA7005F29CC /* PixelWidth.swift in Sources */,
				CC993FF9238E7ABA0036F8EA /* StarRatingView.swift in Sources */,
				CC4FD27B2376742C00FC803D /* MainTabbarController.swift in Sources */,
				CCF38997238A778400F84678 /* AreaSettingViewController.swift in Sources */,
				CCF9B15F2390EB0D0065E420 /* PaymentCourseCell.swift in Sources */,
				CCF95B7C235EFDCB00FACFAD /* ViewController.swift in Sources */,
				CCBF46DC237FFAB00030AFC1 /* CalendarView+DataSource.swift in Sources */,
				CCF9B15D2390B68D0065E420 /* CourseSelectCell.swift in Sources */,
				CCB3D9CA235FEF4B008E31AE /* CustomServiceViewController.swift in Sources */,
				CCF95B97235F02D300FACFAD /* FamousTeacherViewController.swift in Sources */,
				CCB3D9D9235FF052008E31AE /* ShoppingCarViewController.swift in Sources */,
				CCE4FCAA23829D0100E21139 /* ShareSetting.swift in Sources */,
				CC9878212376CA4F004F8F8E /* HomeBannerCell.swift in Sources */,
				CCD1BC65237C06D800F52069 /* SEService.swift in Sources */,
				CCDDA1E4238FACE800C28497 /* CourseDetailUnitCell.swift in Sources */,
				CCB3D9C6235FEE67008E31AE /* TeacherSearchViewController.swift in Sources */,
				CC34105D2393D4CC00ABA7A5 /* TeacherHomeCell.swift in Sources */,
				CC9878232376D188004F8F8E /* HomeContentViewController.swift in Sources */,
				CC97B3B82386696C00F1BFE9 /* BaseLoginViewController.swift in Sources */,
				CC97B3C023867D1C00F1BFE9 /* String+MD5.swift in Sources */,
				CCF9B1662390F9880065E420 /* PaymentCouponCell.swift in Sources */,
				CC2D7ADE238500D500D9FD92 /* Teacher.swift in Sources */,
				CC9878252376DAE7004F8F8E /* UIPageViewController+ScrollView.swift in Sources */,
				CCF95B99235F02E700FACFAD /* MineViewController.swift in Sources */,
				CC8AA8B6238CD247009F94D6 /* String+URLPrefix.swift in Sources */,
				CCF9B16A2390F9AE0065E420 /* PaymentPriceDetailCell.swift in Sources */,
				CCBF46D7237FFAB00030AFC1 /* CalendarView+Extensions.swift in Sources */,
				CC017DE32377B1A600BF22DC /* Cell+ReuseIdentifier.swift in Sources */,
				CC993FFE238E808A0036F8EA /* TeacherDetailDescriptionCell.swift in Sources */,
				CC017DF623781B9A00BF22DC /* HomeCourseCell.swift in Sources */,
				CC0DC490236EF586000D9B80 /* YLSegmentedControl.swift in Sources */,
				CCBF46DB237FFAB00030AFC1 /* EventsManager.swift in Sources */,
				CCBF46C8237FAD670030AFC1 /* GradeCollectionHeader.swift in Sources */,
				CC43610C2381239600AF796C /* CourseBaseCell.swift in Sources */,
				CCFFF28A23964CC900E1E4B0 /* PlayerViewController.swift in Sources */,
				CCF9B16E2390F9DD0065E420 /* PaymentPayTypeCell.swift in Sources */,
				CCBF46E1237FFFCC0030AFC1 /* BaseContentViewController.swift in Sources */,
				CC9878272376EBC9004F8F8E /* HomeSectionTitleView.swift in Sources */,
				CCF38993238A4FDD00F84678 /* RegisterViewController.swift in Sources */,
				CCF95B95235F02B800FACFAD /* SchoolTimetableViewController.swift in Sources */,
				CC8AA8C3238D14A1009F94D6 /* TeacherDetailInfoCell.swift in Sources */,
				CCBF46E5238017190030AFC1 /* MonthCalendarView.swift in Sources */,
				CCFFF280239608D600E1E4B0 /* CourseUnit.swift in Sources */,
				CCF95B78235EFDCB00FACFAD /* AppDelegate.swift in Sources */,
				CC828FA4238133A8005CEA06 /* MineTableHeaderView.swift in Sources */,
				CC993FF6238E78180036F8EA /* TeacherDetailCommentCell.swift in Sources */,
				CCF3899B238A8A0D00F84678 /* FindPwdViewController.swift in Sources */,
				CCB3D9D0235FEF90008E31AE /* MyFavoriteViewController.swift in Sources */,
				CC017DE52377BCDD00BF22DC /* HomeTeacherCollectionCell.swift in Sources */,
				CCDDA1DA238FA69300C28497 /* CourseDetailDescptionCell.swift in Sources */,
				CCD1BC67237C195800F52069 /* Bundle+Info.swift in Sources */,
				CCDDA1DE238FA98E00C28497 /* CourseDetailTeacherCell.swift in Sources */,
				CCBF46DF237FFC700030AFC1 /* BaseRootViewController.swift in Sources */,
				CCBF46DD237FFAB00030AFC1 /* CalendarView.swift in Sources */,
				CC43610A23811F1600AF796C /* CourseClassCell.swift in Sources */,
				CC8AA8B8238CD63F009F94D6 /* WebViewController.swift in Sources */,
				CCFFF29423966FD500E1E4B0 /* CourseUnitViewController.swift in Sources */,
				CC3410612393DC4C00ABA7A5 /* MineTableCell.swift in Sources */,
				CCBF46D6237FFAB00030AFC1 /* CalendarHeaderView.swift in Sources */,
				CC017DE72377D23700BF22DC /* TeacherScoreView.swift in Sources */,
				CCC154E6238BA449005F29CC /* String+Size.swift in Sources */,
				CCBF46E7238017B90030AFC1 /* UILabel+QuickUI.swift in Sources */,
				CC993FFB238E7CD10036F8EA /* Comment.swift in Sources */,
				CC97B3BA238669A900F1BFE9 /* PasswordLoginViewController.swift in Sources */,
				CCDDA1E7238FAF2300C28497 /* CourseUnitFooterView.swift in Sources */,
				CC97B3B623865CD300F1BFE9 /* LoginViewController.swift in Sources */,
				CC8AA8B2238CC08D009F94D6 /* Cache+Shared.swift in Sources */,
				CCDDA1D2238FA26600C28497 /* CourseDetailViewController.swift in Sources */,
				CCC4F0FD237BF4BA00FD11D9 /* GradeCollectionCell.swift in Sources */,
				CCF9B1622390EB2E0065E420 /* PaymentViewController.swift in Sources */,
			);
			runOnlyForDeploymentPostprocessing = 0;
		};
/* End PBXSourcesBuildPhase section */

/* Begin PBXTargetDependency section */
		CC1F876D2394D478003F9D7F /* PBXTargetDependency */ = {
			isa = PBXTargetDependency;
			name = IJKMediaFramework;
			targetProxy = CC1F876C2394D478003F9D7F /* PBXContainerItemProxy */;
		};
/* End PBXTargetDependency section */

/* Begin PBXVariantGroup section */
		CCF95B7D235EFDCB00FACFAD /* Main.storyboard */ = {
			isa = PBXVariantGroup;
			children = (
				CCF95B7E235EFDCB00FACFAD /* Base */,
			);
			name = Main.storyboard;
			sourceTree = "<group>";
		};
		CCF95B82235EFDCE00FACFAD /* LaunchScreen.storyboard */ = {
			isa = PBXVariantGroup;
			children = (
				CCF95B83235EFDCE00FACFAD /* Base */,
			);
			name = LaunchScreen.storyboard;
			sourceTree = "<group>";
		};
/* End PBXVariantGroup section */

/* Begin XCBuildConfiguration section */
		CCF95B86235EFDCE00FACFAD /* Debug */ = {
			isa = XCBuildConfiguration;
			buildSettings = {
				ALWAYS_SEARCH_USER_PATHS = NO;
				CLANG_ANALYZER_NONNULL = YES;
				CLANG_ANALYZER_NUMBER_OBJECT_CONVERSION = YES_AGGRESSIVE;
				CLANG_CXX_LANGUAGE_STANDARD = "gnu++14";
				CLANG_CXX_LIBRARY = "libc++";
				CLANG_ENABLE_MODULES = YES;
				CLANG_ENABLE_OBJC_ARC = YES;
				CLANG_ENABLE_OBJC_WEAK = YES;
				CLANG_WARN_BLOCK_CAPTURE_AUTORELEASING = YES;
				CLANG_WARN_BOOL_CONVERSION = YES;
				CLANG_WARN_COMMA = YES;
				CLANG_WARN_CONSTANT_CONVERSION = YES;
				CLANG_WARN_DEPRECATED_OBJC_IMPLEMENTATIONS = YES;
				CLANG_WARN_DIRECT_OBJC_ISA_USAGE = YES_ERROR;
				CLANG_WARN_DOCUMENTATION_COMMENTS = YES;
				CLANG_WARN_EMPTY_BODY = YES;
				CLANG_WARN_ENUM_CONVERSION = YES;
				CLANG_WARN_INFINITE_RECURSION = YES;
				CLANG_WARN_INT_CONVERSION = YES;
				CLANG_WARN_NON_LITERAL_NULL_CONVERSION = YES;
				CLANG_WARN_OBJC_IMPLICIT_RETAIN_SELF = YES;
				CLANG_WARN_OBJC_LITERAL_CONVERSION = YES;
				CLANG_WARN_OBJC_ROOT_CLASS = YES_ERROR;
				CLANG_WARN_RANGE_LOOP_ANALYSIS = YES;
				CLANG_WARN_STRICT_PROTOTYPES = YES;
				CLANG_WARN_SUSPICIOUS_MOVE = YES;
				CLANG_WARN_UNGUARDED_AVAILABILITY = YES_AGGRESSIVE;
				CLANG_WARN_UNREACHABLE_CODE = YES;
				CLANG_WARN__DUPLICATE_METHOD_MATCH = YES;
				COPY_PHASE_STRIP = NO;
				DEBUG_INFORMATION_FORMAT = dwarf;
				ENABLE_STRICT_OBJC_MSGSEND = YES;
				ENABLE_TESTABILITY = YES;
				GCC_C_LANGUAGE_STANDARD = gnu11;
				GCC_DYNAMIC_NO_PIC = NO;
				GCC_NO_COMMON_BLOCKS = YES;
				GCC_OPTIMIZATION_LEVEL = 0;
				GCC_PREPROCESSOR_DEFINITIONS = (
					"DEBUG=1",
					"$(inherited)",
				);
				GCC_WARN_64_TO_32_BIT_CONVERSION = YES;
				GCC_WARN_ABOUT_RETURN_TYPE = YES_ERROR;
				GCC_WARN_UNDECLARED_SELECTOR = YES;
				GCC_WARN_UNINITIALIZED_AUTOS = YES_AGGRESSIVE;
				GCC_WARN_UNUSED_FUNCTION = YES;
				GCC_WARN_UNUSED_VARIABLE = YES;
				IPHONEOS_DEPLOYMENT_TARGET = 13.1;
				MTL_ENABLE_DEBUG_INFO = INCLUDE_SOURCE;
				MTL_FAST_MATH = YES;
				ONLY_ACTIVE_ARCH = YES;
				SDKROOT = iphoneos;
				SWIFT_ACTIVE_COMPILATION_CONDITIONS = DEBUG;
				SWIFT_OPTIMIZATION_LEVEL = "-Onone";
			};
			name = Debug;
		};
		CCF95B87235EFDCE00FACFAD /* Release */ = {
			isa = XCBuildConfiguration;
			buildSettings = {
				ALWAYS_SEARCH_USER_PATHS = NO;
				CLANG_ANALYZER_NONNULL = YES;
				CLANG_ANALYZER_NUMBER_OBJECT_CONVERSION = YES_AGGRESSIVE;
				CLANG_CXX_LANGUAGE_STANDARD = "gnu++14";
				CLANG_CXX_LIBRARY = "libc++";
				CLANG_ENABLE_MODULES = YES;
				CLANG_ENABLE_OBJC_ARC = YES;
				CLANG_ENABLE_OBJC_WEAK = YES;
				CLANG_WARN_BLOCK_CAPTURE_AUTORELEASING = YES;
				CLANG_WARN_BOOL_CONVERSION = YES;
				CLANG_WARN_COMMA = YES;
				CLANG_WARN_CONSTANT_CONVERSION = YES;
				CLANG_WARN_DEPRECATED_OBJC_IMPLEMENTATIONS = YES;
				CLANG_WARN_DIRECT_OBJC_ISA_USAGE = YES_ERROR;
				CLANG_WARN_DOCUMENTATION_COMMENTS = YES;
				CLANG_WARN_EMPTY_BODY = YES;
				CLANG_WARN_ENUM_CONVERSION = YES;
				CLANG_WARN_INFINITE_RECURSION = YES;
				CLANG_WARN_INT_CONVERSION = YES;
				CLANG_WARN_NON_LITERAL_NULL_CONVERSION = YES;
				CLANG_WARN_OBJC_IMPLICIT_RETAIN_SELF = YES;
				CLANG_WARN_OBJC_LITERAL_CONVERSION = YES;
				CLANG_WARN_OBJC_ROOT_CLASS = YES_ERROR;
				CLANG_WARN_RANGE_LOOP_ANALYSIS = YES;
				CLANG_WARN_STRICT_PROTOTYPES = YES;
				CLANG_WARN_SUSPICIOUS_MOVE = YES;
				CLANG_WARN_UNGUARDED_AVAILABILITY = YES_AGGRESSIVE;
				CLANG_WARN_UNREACHABLE_CODE = YES;
				CLANG_WARN__DUPLICATE_METHOD_MATCH = YES;
				COPY_PHASE_STRIP = NO;
				DEBUG_INFORMATION_FORMAT = "dwarf-with-dsym";
				ENABLE_NS_ASSERTIONS = NO;
				ENABLE_STRICT_OBJC_MSGSEND = YES;
				GCC_C_LANGUAGE_STANDARD = gnu11;
				GCC_NO_COMMON_BLOCKS = YES;
				GCC_WARN_64_TO_32_BIT_CONVERSION = YES;
				GCC_WARN_ABOUT_RETURN_TYPE = YES_ERROR;
				GCC_WARN_UNDECLARED_SELECTOR = YES;
				GCC_WARN_UNINITIALIZED_AUTOS = YES_AGGRESSIVE;
				GCC_WARN_UNUSED_FUNCTION = YES;
				GCC_WARN_UNUSED_VARIABLE = YES;
				IPHONEOS_DEPLOYMENT_TARGET = 13.1;
				MTL_ENABLE_DEBUG_INFO = NO;
				MTL_FAST_MATH = YES;
				SDKROOT = iphoneos;
				SWIFT_COMPILATION_MODE = wholemodule;
				SWIFT_OPTIMIZATION_LEVEL = "-O";
				VALIDATE_PRODUCT = YES;
			};
			name = Release;
		};
		CCF95B89235EFDCE00FACFAD /* Debug */ = {
			isa = XCBuildConfiguration;
			baseConfigurationReference = F229B415CD46AC344FAB7417 /* Pods-ShareEducation.debug.xcconfig */;
			buildSettings = {
				ASSETCATALOG_COMPILER_APPICON_NAME = AppIcon;
				CODE_SIGN_STYLE = Automatic;
				DEVELOPMENT_TEAM = KRM5HYEDXU;
				INFOPLIST_FILE = ShareEducation/Info.plist;
				IPHONEOS_DEPLOYMENT_TARGET = 10.0;
				LD_RUNPATH_SEARCH_PATHS = (
					"$(inherited)",
					"@executable_path/Frameworks",
				);
				PRODUCT_BUNDLE_IDENTIFIER = calendar.ShareEducation;
				PRODUCT_NAME = "$(TARGET_NAME)";
				SWIFT_VERSION = 5.0;
				TARGETED_DEVICE_FAMILY = "1,2";
			};
			name = Debug;
		};
		CCF95B8A235EFDCE00FACFAD /* Release */ = {
			isa = XCBuildConfiguration;
			baseConfigurationReference = 65150237C841E146EE495BBB /* Pods-ShareEducation.release.xcconfig */;
			buildSettings = {
				ASSETCATALOG_COMPILER_APPICON_NAME = AppIcon;
				CODE_SIGN_STYLE = Automatic;
				DEVELOPMENT_TEAM = KRM5HYEDXU;
				INFOPLIST_FILE = ShareEducation/Info.plist;
				IPHONEOS_DEPLOYMENT_TARGET = 10.0;
				LD_RUNPATH_SEARCH_PATHS = (
					"$(inherited)",
					"@executable_path/Frameworks",
				);
				PRODUCT_BUNDLE_IDENTIFIER = calendar.ShareEducation;
				PRODUCT_NAME = "$(TARGET_NAME)";
				SWIFT_VERSION = 5.0;
				TARGETED_DEVICE_FAMILY = "1,2";
			};
			name = Release;
		};
/* End XCBuildConfiguration section */

/* Begin XCConfigurationList section */
		CCF95B6F235EFDCB00FACFAD /* Build configuration list for PBXProject "ShareEducation" */ = {
			isa = XCConfigurationList;
			buildConfigurations = (
				CCF95B86235EFDCE00FACFAD /* Debug */,
				CCF95B87235EFDCE00FACFAD /* Release */,
			);
			defaultConfigurationIsVisible = 0;
			defaultConfigurationName = Release;
		};
		CCF95B88235EFDCE00FACFAD /* Build configuration list for PBXNativeTarget "ShareEducation" */ = {
			isa = XCConfigurationList;
			buildConfigurations = (
				CCF95B89235EFDCE00FACFAD /* Debug */,
				CCF95B8A235EFDCE00FACFAD /* Release */,
			);
			defaultConfigurationIsVisible = 0;
			defaultConfigurationName = Release;
		};
/* End XCConfigurationList section */
	};
	rootObject = CCF95B6C235EFDCB00FACFAD /* Project object */;
}
